// !$*UTF8*$!
{
	archiveVersion = 1;
	classes = {
	};
	objectVersion = 56;
	objects = {

/* Begin PBXBuildFile section */
		58094EBC2B26164B00D4D2FC /* IngredientsTableFooterView.swift in Sources */ = {isa = PBXBuildFile; fileRef = 58094EBB2B26164B00D4D2FC /* IngredientsTableFooterView.swift */; };
		58094EBE2B267E6300D4D2FC /* IngredientsTableHeaderView.swift in Sources */ = {isa = PBXBuildFile; fileRef = 58094EBD2B267E6300D4D2FC /* IngredientsTableHeaderView.swift */; };
		580ED37E2B24BD1300B4A9F0 /* SnapKit in Frameworks */ = {isa = PBXBuildFile; productRef = 580ED37D2B24BD1300B4A9F0 /* SnapKit */; };
		580ED3802B24C2F300B4A9F0 /* TextLabel.swift in Sources */ = {isa = PBXBuildFile; fileRef = 580ED37F2B24C2F300B4A9F0 /* TextLabel.swift */; };
		580ED3822B25068100B4A9F0 /* ColorTheme.swift in Sources */ = {isa = PBXBuildFile; fileRef = 580ED3812B25068100B4A9F0 /* ColorTheme.swift */; };
		580ED3842B2513C000B4A9F0 /* IngredientModel.swift in Sources */ = {isa = PBXBuildFile; fileRef = 580ED3832B2513C000B4A9F0 /* IngredientModel.swift */; };
		58102DD52B2494ED0090EAE8 /* RecipesListVM.swift in Sources */ = {isa = PBXBuildFile; fileRef = 58102DD42B2494ED0090EAE8 /* RecipesListVM.swift */; };
		58102DDB2B249F900090EAE8 /* AddRecipeVM.swift in Sources */ = {isa = PBXBuildFile; fileRef = 58102DDA2B249F900090EAE8 /* AddRecipeVM.swift */; };
		58102DDE2B24A3150090EAE8 /* ShopingListVM.swift in Sources */ = {isa = PBXBuildFile; fileRef = 58102DDD2B24A3150090EAE8 /* ShopingListVM.swift */; };
		58102DE02B24AB9E0090EAE8 /* UITextFieldExt.swift in Sources */ = {isa = PBXBuildFile; fileRef = 58102DDF2B24AB9E0090EAE8 /* UITextFieldExt.swift */; };
		581049532BB4355C00FF2E8C /* FirebaseAnalytics in Frameworks */ = {isa = PBXBuildFile; productRef = 581049522BB4355C00FF2E8C /* FirebaseAnalytics */; };
		581049552BB4355C00FF2E8C /* FirebaseAnalyticsSwift in Frameworks */ = {isa = PBXBuildFile; productRef = 581049542BB4355C00FF2E8C /* FirebaseAnalyticsSwift */; };
		581049572BB4355C00FF2E8C /* FirebaseAuth in Frameworks */ = {isa = PBXBuildFile; productRef = 581049562BB4355C00FF2E8C /* FirebaseAuth */; };
		581049592BB4355C00FF2E8C /* FirebaseFirestore in Frameworks */ = {isa = PBXBuildFile; productRef = 581049582BB4355C00FF2E8C /* FirebaseFirestore */; };
		5810495B2BB4355C00FF2E8C /* FirebaseFirestoreSwift in Frameworks */ = {isa = PBXBuildFile; productRef = 5810495A2BB4355C00FF2E8C /* FirebaseFirestoreSwift */; };
		5810495F2BB4455800FF2E8C /* AuthenticationManager.swift in Sources */ = {isa = PBXBuildFile; fileRef = 5810495E2BB4455800FF2E8C /* AuthenticationManager.swift */; };
		581049612BB445D400FF2E8C /* FirestoreRepository.swift in Sources */ = {isa = PBXBuildFile; fileRef = 581049602BB445D400FF2E8C /* FirestoreRepository.swift */; };
		5812ADED2B5927E90035EAA5 /* RecipeModel.swift in Sources */ = {isa = PBXBuildFile; fileRef = 5812ADEC2B5927E90035EAA5 /* RecipeModel.swift */; };
		581C14732C18E8A70088245F /* IngredientViewModel.swift in Sources */ = {isa = PBXBuildFile; fileRef = 581C14722C18E8A70088245F /* IngredientViewModel.swift */; };
		581F14212BA8AC3B0046FFA8 /* DualOptionAlertVC.swift in Sources */ = {isa = PBXBuildFile; fileRef = 581F14202BA8AC3B0046FFA8 /* DualOptionAlertVC.swift */; };
		582E71AE2B62C7BC002D3164 /* ValidationAlertVC.swift in Sources */ = {isa = PBXBuildFile; fileRef = 582E71AD2B62C7BC002D3164 /* ValidationAlertVC.swift */; };
		58354B552B992B1C002C7A40 /* ShopingListCell.swift in Sources */ = {isa = PBXBuildFile; fileRef = 58354B542B992B1C002C7A40 /* ShopingListCell.swift */; };
		58356AFB2B1FB9E5000AC548 /* AppDelegate.swift in Sources */ = {isa = PBXBuildFile; fileRef = 58356AFA2B1FB9E5000AC548 /* AppDelegate.swift */; };
		58356AFD2B1FB9E5000AC548 /* SceneDelegate.swift in Sources */ = {isa = PBXBuildFile; fileRef = 58356AFC2B1FB9E5000AC548 /* SceneDelegate.swift */; };
		58356B072B1FB9E7000AC548 /* Assets.xcassets in Resources */ = {isa = PBXBuildFile; fileRef = 58356B062B1FB9E7000AC548 /* Assets.xcassets */; };
		58356B1F2B1FB9E8000AC548 /* YemUITests.swift in Sources */ = {isa = PBXBuildFile; fileRef = 58356B1E2B1FB9E8000AC548 /* YemUITests.swift */; };
		58356B212B1FB9E8000AC548 /* YemUITestsLaunchTests.swift in Sources */ = {isa = PBXBuildFile; fileRef = 58356B202B1FB9E8000AC548 /* YemUITestsLaunchTests.swift */; };
		58356B472B20E0DB000AC548 /* ShopingListVC.swift in Sources */ = {isa = PBXBuildFile; fileRef = 58356B462B20E0DB000AC548 /* ShopingListVC.swift */; };
		58356B492B20E0ED000AC548 /* RecipesListVC.swift in Sources */ = {isa = PBXBuildFile; fileRef = 58356B482B20E0ED000AC548 /* RecipesListVC.swift */; };
		58356B5B2B2267BE000AC548 /* AddRecipeVC.swift in Sources */ = {isa = PBXBuildFile; fileRef = 58356B5A2B2267BE000AC548 /* AddRecipeVC.swift */; };
		583647012C14F8FD00EABB64 /* Destination.swift in Sources */ = {isa = PBXBuildFile; fileRef = 583647002C14F8FD00EABB64 /* Destination.swift */; };
		583C5D6F2BBC63D9002FCD5C /* UserModel.swift in Sources */ = {isa = PBXBuildFile; fileRef = 583C5D6E2BBC63D9002FCD5C /* UserModel.swift */; };
		583C5D722BBD8BC4002FCD5C /* SettingsViewModel.swift in Sources */ = {isa = PBXBuildFile; fileRef = 583C5D712BBD8BC4002FCD5C /* SettingsViewModel.swift */; };
		583C5D742BBD8BFB002FCD5C /* SettingsCoordinator.swift in Sources */ = {isa = PBXBuildFile; fileRef = 583C5D732BBD8BFB002FCD5C /* SettingsCoordinator.swift */; };
		583C5D762BBD8C87002FCD5C /* SettingsVC.swift in Sources */ = {isa = PBXBuildFile; fileRef = 583C5D752BBD8C87002FCD5C /* SettingsVC.swift */; };
		583C5D782BBD97A9002FCD5C /* SettingsCell.swift in Sources */ = {isa = PBXBuildFile; fileRef = 583C5D772BBD97A9002FCD5C /* SettingsCell.swift */; };
		583D899B2C6E8ED90063067A /* AnimateFadeInAndOut.swift in Sources */ = {isa = PBXBuildFile; fileRef = 583D899A2C6E8ED90063067A /* AnimateFadeInAndOut.swift */; };
		585230F22C70C0CA00E9C142 /* CookingModeCoordinator.swift in Sources */ = {isa = PBXBuildFile; fileRef = 585230F12C70C0CA00E9C142 /* CookingModeCoordinator.swift */; };
		585230F42C70C0DA00E9C142 /* CookingModeVM.swift in Sources */ = {isa = PBXBuildFile; fileRef = 585230F32C70C0DA00E9C142 /* CookingModeVM.swift */; };
		585230F62C70C0E600E9C142 /* CookingModeVC.swift in Sources */ = {isa = PBXBuildFile; fileRef = 585230F52C70C0E600E9C142 /* CookingModeVC.swift */; };
		5858B7412B6B05E3005CB438 /* RecipeCell.swift in Sources */ = {isa = PBXBuildFile; fileRef = 5858B7402B6B05E3005CB438 /* RecipeCell.swift */; };
		585F7C912C51B66B0005A55C /* RecipesSearchResultVC.swift in Sources */ = {isa = PBXBuildFile; fileRef = 585F7C902C51B66B0005A55C /* RecipesSearchResultVC.swift */; };
		585F7C932C51B73C0005A55C /* RecipeSearchResultCell.swift in Sources */ = {isa = PBXBuildFile; fileRef = 585F7C922C51B73C0005A55C /* RecipeSearchResultCell.swift */; };
		58614D172BA123EF007AD868 /* ShopingListEntity.swift in Sources */ = {isa = PBXBuildFile; fileRef = 58614D152BA123EF007AD868 /* ShopingListEntity.swift */; };
		586230EE2BB593A4000456D0 /* AppCoordinator.swift in Sources */ = {isa = PBXBuildFile; fileRef = 586230ED2BB593A4000456D0 /* AppCoordinator.swift */; };
		586932152B252D1800379C8C /* UIViewExt.swift in Sources */ = {isa = PBXBuildFile; fileRef = 586932142B252D1800379C8C /* UIViewExt.swift */; };
		586932172B25351A00379C8C /* AddRecipeIngredientsVC.swift in Sources */ = {isa = PBXBuildFile; fileRef = 586932162B25351A00379C8C /* AddRecipeIngredientsVC.swift */; };
		5869321B2B253AB300379C8C /* AddRecipeInstructionsVC.swift in Sources */ = {isa = PBXBuildFile; fileRef = 5869321A2B253AB300379C8C /* AddRecipeInstructionsVC.swift */; };
		5869321D2B26112000379C8C /* IconImage.swift in Sources */ = {isa = PBXBuildFile; fileRef = 5869321C2B26112000379C8C /* IconImage.swift */; };
		587E7A222C68C8D1002E9BB5 /* RecipeDetailsVM_Tests.swift in Sources */ = {isa = PBXBuildFile; fileRef = 587E7A212C68C8D1002E9BB5 /* RecipeDetailsVM_Tests.swift */; };
		587E7A232C68F929002E9BB5 /* Assets.xcassets in Resources */ = {isa = PBXBuildFile; fileRef = 58356B062B1FB9E7000AC548 /* Assets.xcassets */; };
		587E7A252C6940DE002E9BB5 /* MockLocalFileManager.swift in Sources */ = {isa = PBXBuildFile; fileRef = 587E7A242C6940DE002E9BB5 /* MockLocalFileManager.swift */; };
		587E7A282C6943D7002E9BB5 /* ImageFetcherManager.swift in Sources */ = {isa = PBXBuildFile; fileRef = 587E7A272C6943D7002E9BB5 /* ImageFetcherManager.swift */; };
		587E7A2A2C6944E0002E9BB5 /* MockImageFetcherManager.swift in Sources */ = {isa = PBXBuildFile; fileRef = 587E7A292C6944E0002E9BB5 /* MockImageFetcherManager.swift */; };
		587E7A2C2C695E1C002E9BB5 /* RecipesListVM_Tests.swift in Sources */ = {isa = PBXBuildFile; fileRef = 587E7A2B2C695E1C002E9BB5 /* RecipesListVM_Tests.swift */; };
		587F971A2BA71A0900F5B937 /* ShopingListModel.swift in Sources */ = {isa = PBXBuildFile; fileRef = 587F97192BA71A0900F5B937 /* ShopingListModel.swift */; };
		5887468C2B2E075C00EC5E11 /* IngredientsCell.swift in Sources */ = {isa = PBXBuildFile; fileRef = 5887468B2B2E075C00EC5E11 /* IngredientsCell.swift */; };
		5887468E2B2E1AA000EC5E11 /* AddIngredientSheetVC.swift in Sources */ = {isa = PBXBuildFile; fileRef = 5887468D2B2E1AA000EC5E11 /* AddIngredientSheetVC.swift */; };
		588746912B2E400000EC5E11 /* ActionButton.swift in Sources */ = {isa = PBXBuildFile; fileRef = 588746902B2E400000EC5E11 /* ActionButton.swift */; };
		588746932B2E6D4B00EC5E11 /* AdaptiveLayoutHelper.swift in Sources */ = {isa = PBXBuildFile; fileRef = 588746922B2E6D4B00EC5E11 /* AdaptiveLayoutHelper.swift */; };
		588FCE452BB21ACC009F9A8D /* LifetimeTracker in Frameworks */ = {isa = PBXBuildFile; productRef = 588FCE442BB21ACC009F9A8D /* LifetimeTracker */; };
		588FCE482BB22575009F9A8D /* Kingfisher in Frameworks */ = {isa = PBXBuildFile; productRef = 588FCE472BB22575009F9A8D /* Kingfisher */; };
		589929482B44843A00FAB070 /* TabBarCoordinator.swift in Sources */ = {isa = PBXBuildFile; fileRef = 589929472B44843A00FAB070 /* TabBarCoordinator.swift */; };
		5899294A2B4484FD00FAB070 /* RecipesListCoordinator.swift in Sources */ = {isa = PBXBuildFile; fileRef = 589929492B4484FD00FAB070 /* RecipesListCoordinator.swift */; };
		5899294C2B44851F00FAB070 /* ShopingListCoordinator.swift in Sources */ = {isa = PBXBuildFile; fileRef = 5899294B2B44851F00FAB070 /* ShopingListCoordinator.swift */; };
		5899294E2B44946000FAB070 /* AddRecipeCoordinator.swift in Sources */ = {isa = PBXBuildFile; fileRef = 5899294D2B44946000FAB070 /* AddRecipeCoordinator.swift */; };
		589929502B44A28100FAB070 /* NavigationBarAppearanceManager.swift in Sources */ = {isa = PBXBuildFile; fileRef = 5899294F2B44A28100FAB070 /* NavigationBarAppearanceManager.swift */; };
		589A65C82B855EFF0018779B /* RecipeDetailsVC.swift in Sources */ = {isa = PBXBuildFile; fileRef = 589A65C72B855EFF0018779B /* RecipeDetailsVC.swift */; };
		589A65CA2B85600C0018779B /* RecipeDetailsCoordinator.swift in Sources */ = {isa = PBXBuildFile; fileRef = 589A65C92B85600C0018779B /* RecipeDetailsCoordinator.swift */; };
		589A65CC2B85607D0018779B /* RecipeDetailsVM.swift in Sources */ = {isa = PBXBuildFile; fileRef = 589A65CB2B85607D0018779B /* RecipeDetailsVM.swift */; };
		589CA8002BB2E8720008DFC3 /* RecipesSectionHeaderView.swift in Sources */ = {isa = PBXBuildFile; fileRef = 589CA7FF2BB2E8720008DFC3 /* RecipesSectionHeaderView.swift */; };
		589CA8082BB2EB160008DFC3 /* UnloggedOnboardingVC.swift in Sources */ = {isa = PBXBuildFile; fileRef = 589CA8022BB2EB160008DFC3 /* UnloggedOnboardingVC.swift */; };
		589CA8092BB2EB160008DFC3 /* ResetPasswordVC.swift in Sources */ = {isa = PBXBuildFile; fileRef = 589CA8032BB2EB160008DFC3 /* ResetPasswordVC.swift */; };
		589CA80A2BB2EB160008DFC3 /* OnboardingVM.swift in Sources */ = {isa = PBXBuildFile; fileRef = 589CA8042BB2EB160008DFC3 /* OnboardingVM.swift */; };
		589CA80B2BB2EB160008DFC3 /* OnboardingCoordinator.swift in Sources */ = {isa = PBXBuildFile; fileRef = 589CA8052BB2EB160008DFC3 /* OnboardingCoordinator.swift */; };
		589CA80C2BB2EB160008DFC3 /* RegisterOnboardingVC.swift in Sources */ = {isa = PBXBuildFile; fileRef = 589CA8062BB2EB160008DFC3 /* RegisterOnboardingVC.swift */; };
		589CA80D2BB2EB160008DFC3 /* LoginOnboardingVC.swift in Sources */ = {isa = PBXBuildFile; fileRef = 589CA8072BB2EB160008DFC3 /* LoginOnboardingVC.swift */; };
		58A38F8A2B5D1CFD00007AC1 /* AddInstructionSheetVC.swift in Sources */ = {isa = PBXBuildFile; fileRef = 58A38F892B5D1CFD00007AC1 /* AddInstructionSheetVC.swift */; };
		58AA17612B88136000C44578 /* LocalFileManager.swift in Sources */ = {isa = PBXBuildFile; fileRef = 58AA17602B88136000C44578 /* LocalFileManager.swift */; };
		58AB57BD2B588E8400053C74 /* DataRepository.swift in Sources */ = {isa = PBXBuildFile; fileRef = 58AB57BC2B588E8400053C74 /* DataRepository.swift */; };
		58AD97E52BDADF7F002A6C40 /* Navigator.swift in Sources */ = {isa = PBXBuildFile; fileRef = 58AD97E42BDADF7F002A6C40 /* Navigator.swift */; };
		58AE0C8D2C72406F009064CC /* CookingIngredientsListSheetVC.swift in Sources */ = {isa = PBXBuildFile; fileRef = 58AE0C8C2C72406F009064CC /* CookingIngredientsListSheetVC.swift */; };
		58B8618F2BB8A41D00597153 /* UIFontExt.swift in Sources */ = {isa = PBXBuildFile; fileRef = 58B8618E2BB8A41D00597153 /* UIFontExt.swift */; };
		58B99A7A2C73386E000B0818 /* CookingTimerSheetVC.swift in Sources */ = {isa = PBXBuildFile; fileRef = 58B99A792C73386E000B0818 /* CookingTimerSheetVC.swift */; };
		58B99A7C2C77D262000B0818 /* ShakeAnimation.swift in Sources */ = {isa = PBXBuildFile; fileRef = 58B99A7B2C77D262000B0818 /* ShakeAnimation.swift */; };
		58B99A7E2C77D9E5000B0818 /* CookingInstructionVC.swift in Sources */ = {isa = PBXBuildFile; fileRef = 58B99A7D2C77D9E4000B0818 /* CookingInstructionVC.swift */; };
		58B99A802C79B780000B0818 /* PickerVC.swift in Sources */ = {isa = PBXBuildFile; fileRef = 58B99A7F2C79B780000B0818 /* PickerVC.swift */; };
		58B99A822C79CA88000B0818 /* CookingModeViewModel_Tests.swift in Sources */ = {isa = PBXBuildFile; fileRef = 58B99A812C79CA88000B0818 /* CookingModeViewModel_Tests.swift */; };
		58BBEB762B59C94B0058851C /* IngredientEntity.swift in Sources */ = {isa = PBXBuildFile; fileRef = 58BBEB742B59C94B0058851C /* IngredientEntity.swift */; };
		58BBEB7C2B59C9EB0058851C /* RecipeEntity.swift in Sources */ = {isa = PBXBuildFile; fileRef = 58BBEB7A2B59C9EB0058851C /* RecipeEntity.swift */; };
		58BBEB852B5AEDAF0058851C /* InstructionCell.swift in Sources */ = {isa = PBXBuildFile; fileRef = 58BBEB842B5AEDAE0058851C /* InstructionCell.swift */; };
		58BBEB932B5AF5D10058851C /* InstructionEntity.swift in Sources */ = {isa = PBXBuildFile; fileRef = 58BBEB8F2B5AF5D10058851C /* InstructionEntity.swift */; };
		58BBEB952B5B0C3A0058851C /* InstructionModel.swift in Sources */ = {isa = PBXBuildFile; fileRef = 58BBEB942B5B0C3A0058851C /* InstructionModel.swift */; };
		58BBEB982B5B28390058851C /* YemData.xcdatamodeld in Sources */ = {isa = PBXBuildFile; fileRef = 58BBEB962B5B28390058851C /* YemData.xcdatamodeld */; };
		58BBEB9B2B5C14C70058851C /* InstructionTableFooterView.swift in Sources */ = {isa = PBXBuildFile; fileRef = 58BBEB9A2B5C14C70058851C /* InstructionTableFooterView.swift */; };
		58BBEB9D2B5C18840058851C /* InstructionTableHeaderView.swift in Sources */ = {isa = PBXBuildFile; fileRef = 58BBEB9C2B5C18840058851C /* InstructionTableHeaderView.swift */; };
		58C259CF2C147ADE004BCEC2 /* SplashScreenCoordinator.swift in Sources */ = {isa = PBXBuildFile; fileRef = 58C259CE2C147ADE004BCEC2 /* SplashScreenCoordinator.swift */; };
		58C3E4AB2C5AD586005CAC3E /* GoogleService-Info.plist in Resources */ = {isa = PBXBuildFile; fileRef = 58C3E4AA2C5AD586005CAC3E /* GoogleService-Info.plist */; };
		58C3E4AD2C6017AD005CAC3E /* MockDataRepository.swift in Sources */ = {isa = PBXBuildFile; fileRef = 58C3E4AC2C6017AD005CAC3E /* MockDataRepository.swift */; };
		58C3E4AF2C616B75005CAC3E /* AddRecipeViewModel_Tests.swift in Sources */ = {isa = PBXBuildFile; fileRef = 58C3E4AE2C616B75005CAC3E /* AddRecipeViewModel_Tests.swift */; };
		58C3E4B22C67CBD0005CAC3E /* ShopingListVM_Tests.swift in Sources */ = {isa = PBXBuildFile; fileRef = 58C3E4B12C67CBD0005CAC3E /* ShopingListVM_Tests.swift */; };
		58C5814C2B93D884000D3B7D /* UILabelExt.swift in Sources */ = {isa = PBXBuildFile; fileRef = 58C5814B2B93D884000D3B7D /* UILabelExt.swift */; };
		58C5814E2B94BB49000D3B7D /* IngredientView.swift in Sources */ = {isa = PBXBuildFile; fileRef = 58C5814D2B94BB49000D3B7D /* IngredientView.swift */; };
		58C66A4F2B5D3E000042C7CD /* AddNote.swift in Sources */ = {isa = PBXBuildFile; fileRef = 58C66A4E2B5D3E000042C7CD /* AddNote.swift */; };
		58D5E7D92B3C6FE2007FC9E8 /* DefaultOnTapAnimation.swift in Sources */ = {isa = PBXBuildFile; fileRef = 58D5E7D82B3C6FE2007FC9E8 /* DefaultOnTapAnimation.swift */; };
		58D5F9C02B27A84700A72619 /* AddPicker.swift in Sources */ = {isa = PBXBuildFile; fileRef = 58D5F9BF2B27A84700A72619 /* AddPicker.swift */; };
		58D5F9C22B27B3F600A72619 /* TextfieldWithIcon.swift in Sources */ = {isa = PBXBuildFile; fileRef = 58D5F9C12B27B3F600A72619 /* TextfieldWithIcon.swift */; };
		58D644192B56F4AD0008413A /* CoreDataManager.swift in Sources */ = {isa = PBXBuildFile; fileRef = 58D644182B56F4AD0008413A /* CoreDataManager.swift */; };
		58EBB0772B227B82000EB128 /* PhotoView.swift in Sources */ = {isa = PBXBuildFile; fileRef = 58EBB0762B227B82000EB128 /* PhotoView.swift */; };
		58F2F8442B9131D700ACE336 /* DetailsView.swift in Sources */ = {isa = PBXBuildFile; fileRef = 58F2F8432B9131D700ACE336 /* DetailsView.swift */; };
/* End PBXBuildFile section */

/* Begin PBXContainerItemProxy section */
		58356B112B1FB9E8000AC548 /* PBXContainerItemProxy */ = {
			isa = PBXContainerItemProxy;
			containerPortal = 58356AEF2B1FB9E5000AC548 /* Project object */;
			proxyType = 1;
			remoteGlobalIDString = 58356AF62B1FB9E5000AC548;
			remoteInfo = Yem;
		};
		58356B1B2B1FB9E8000AC548 /* PBXContainerItemProxy */ = {
			isa = PBXContainerItemProxy;
			containerPortal = 58356AEF2B1FB9E5000AC548 /* Project object */;
			proxyType = 1;
			remoteGlobalIDString = 58356AF62B1FB9E5000AC548;
			remoteInfo = Yem;
		};
/* End PBXContainerItemProxy section */

/* Begin PBXFileReference section */
		58094EBB2B26164B00D4D2FC /* IngredientsTableFooterView.swift */ = {isa = PBXFileReference; lastKnownFileType = sourcecode.swift; path = IngredientsTableFooterView.swift; sourceTree = "<group>"; };
		58094EBD2B267E6300D4D2FC /* IngredientsTableHeaderView.swift */ = {isa = PBXFileReference; lastKnownFileType = sourcecode.swift; path = IngredientsTableHeaderView.swift; sourceTree = "<group>"; };
		580ED37F2B24C2F300B4A9F0 /* TextLabel.swift */ = {isa = PBXFileReference; lastKnownFileType = sourcecode.swift; path = TextLabel.swift; sourceTree = "<group>"; };
		580ED3812B25068100B4A9F0 /* ColorTheme.swift */ = {isa = PBXFileReference; lastKnownFileType = sourcecode.swift; path = ColorTheme.swift; sourceTree = "<group>"; };
		580ED3832B2513C000B4A9F0 /* IngredientModel.swift */ = {isa = PBXFileReference; lastKnownFileType = sourcecode.swift; path = IngredientModel.swift; sourceTree = "<group>"; };
		58102DD42B2494ED0090EAE8 /* RecipesListVM.swift */ = {isa = PBXFileReference; lastKnownFileType = sourcecode.swift; path = RecipesListVM.swift; sourceTree = "<group>"; };
		58102DDA2B249F900090EAE8 /* AddRecipeVM.swift */ = {isa = PBXFileReference; lastKnownFileType = sourcecode.swift; path = AddRecipeVM.swift; sourceTree = "<group>"; };
		58102DDD2B24A3150090EAE8 /* ShopingListVM.swift */ = {isa = PBXFileReference; lastKnownFileType = sourcecode.swift; path = ShopingListVM.swift; sourceTree = "<group>"; };
		58102DDF2B24AB9E0090EAE8 /* UITextFieldExt.swift */ = {isa = PBXFileReference; lastKnownFileType = sourcecode.swift; path = UITextFieldExt.swift; sourceTree = "<group>"; };
		5810495E2BB4455800FF2E8C /* AuthenticationManager.swift */ = {isa = PBXFileReference; lastKnownFileType = sourcecode.swift; path = AuthenticationManager.swift; sourceTree = "<group>"; };
		581049602BB445D400FF2E8C /* FirestoreRepository.swift */ = {isa = PBXFileReference; lastKnownFileType = sourcecode.swift; path = FirestoreRepository.swift; sourceTree = "<group>"; };
		5812ADEC2B5927E90035EAA5 /* RecipeModel.swift */ = {isa = PBXFileReference; lastKnownFileType = sourcecode.swift; path = RecipeModel.swift; sourceTree = "<group>"; };
		581C14722C18E8A70088245F /* IngredientViewModel.swift */ = {isa = PBXFileReference; lastKnownFileType = sourcecode.swift; path = IngredientViewModel.swift; sourceTree = "<group>"; };
		581F14202BA8AC3B0046FFA8 /* DualOptionAlertVC.swift */ = {isa = PBXFileReference; lastKnownFileType = sourcecode.swift; path = DualOptionAlertVC.swift; sourceTree = "<group>"; };
		582E71AD2B62C7BC002D3164 /* ValidationAlertVC.swift */ = {isa = PBXFileReference; lastKnownFileType = sourcecode.swift; path = ValidationAlertVC.swift; sourceTree = "<group>"; };
		58354B542B992B1C002C7A40 /* ShopingListCell.swift */ = {isa = PBXFileReference; lastKnownFileType = sourcecode.swift; path = ShopingListCell.swift; sourceTree = "<group>"; };
		58356AF72B1FB9E5000AC548 /* Yem.app */ = {isa = PBXFileReference; explicitFileType = wrapper.application; includeInIndex = 0; path = Yem.app; sourceTree = BUILT_PRODUCTS_DIR; };
		58356AFA2B1FB9E5000AC548 /* AppDelegate.swift */ = {isa = PBXFileReference; lastKnownFileType = sourcecode.swift; path = AppDelegate.swift; sourceTree = "<group>"; };
		58356AFC2B1FB9E5000AC548 /* SceneDelegate.swift */ = {isa = PBXFileReference; lastKnownFileType = sourcecode.swift; path = SceneDelegate.swift; sourceTree = "<group>"; };
		58356B062B1FB9E7000AC548 /* Assets.xcassets */ = {isa = PBXFileReference; lastKnownFileType = folder.assetcatalog; path = Assets.xcassets; sourceTree = "<group>"; };
		58356B0B2B1FB9E7000AC548 /* Info.plist */ = {isa = PBXFileReference; lastKnownFileType = text.plist.xml; path = Info.plist; sourceTree = "<group>"; };
		58356B102B1FB9E8000AC548 /* YemTests.xctest */ = {isa = PBXFileReference; explicitFileType = wrapper.cfbundle; includeInIndex = 0; path = YemTests.xctest; sourceTree = BUILT_PRODUCTS_DIR; };
		58356B1A2B1FB9E8000AC548 /* YemUITests.xctest */ = {isa = PBXFileReference; explicitFileType = wrapper.cfbundle; includeInIndex = 0; path = YemUITests.xctest; sourceTree = BUILT_PRODUCTS_DIR; };
		58356B1E2B1FB9E8000AC548 /* YemUITests.swift */ = {isa = PBXFileReference; lastKnownFileType = sourcecode.swift; path = YemUITests.swift; sourceTree = "<group>"; };
		58356B202B1FB9E8000AC548 /* YemUITestsLaunchTests.swift */ = {isa = PBXFileReference; lastKnownFileType = sourcecode.swift; path = YemUITestsLaunchTests.swift; sourceTree = "<group>"; };
		58356B462B20E0DB000AC548 /* ShopingListVC.swift */ = {isa = PBXFileReference; lastKnownFileType = sourcecode.swift; path = ShopingListVC.swift; sourceTree = "<group>"; };
		58356B482B20E0ED000AC548 /* RecipesListVC.swift */ = {isa = PBXFileReference; lastKnownFileType = sourcecode.swift; path = RecipesListVC.swift; sourceTree = "<group>"; };
		58356B5A2B2267BE000AC548 /* AddRecipeVC.swift */ = {isa = PBXFileReference; lastKnownFileType = sourcecode.swift; path = AddRecipeVC.swift; sourceTree = "<group>"; };
		583647002C14F8FD00EABB64 /* Destination.swift */ = {isa = PBXFileReference; lastKnownFileType = sourcecode.swift; path = Destination.swift; sourceTree = "<group>"; };
		583C5D6E2BBC63D9002FCD5C /* UserModel.swift */ = {isa = PBXFileReference; lastKnownFileType = sourcecode.swift; path = UserModel.swift; sourceTree = "<group>"; };
		583C5D712BBD8BC4002FCD5C /* SettingsViewModel.swift */ = {isa = PBXFileReference; lastKnownFileType = sourcecode.swift; path = SettingsViewModel.swift; sourceTree = "<group>"; };
		583C5D732BBD8BFB002FCD5C /* SettingsCoordinator.swift */ = {isa = PBXFileReference; lastKnownFileType = sourcecode.swift; path = SettingsCoordinator.swift; sourceTree = "<group>"; };
		583C5D752BBD8C87002FCD5C /* SettingsVC.swift */ = {isa = PBXFileReference; lastKnownFileType = sourcecode.swift; path = SettingsVC.swift; sourceTree = "<group>"; };
		583C5D772BBD97A9002FCD5C /* SettingsCell.swift */ = {isa = PBXFileReference; lastKnownFileType = sourcecode.swift; path = SettingsCell.swift; sourceTree = "<group>"; };
		583D899A2C6E8ED90063067A /* AnimateFadeInAndOut.swift */ = {isa = PBXFileReference; lastKnownFileType = sourcecode.swift; path = AnimateFadeInAndOut.swift; sourceTree = "<group>"; };
		585230F12C70C0CA00E9C142 /* CookingModeCoordinator.swift */ = {isa = PBXFileReference; lastKnownFileType = sourcecode.swift; path = CookingModeCoordinator.swift; sourceTree = "<group>"; };
		585230F32C70C0DA00E9C142 /* CookingModeVM.swift */ = {isa = PBXFileReference; lastKnownFileType = sourcecode.swift; path = CookingModeVM.swift; sourceTree = "<group>"; };
		585230F52C70C0E600E9C142 /* CookingModeVC.swift */ = {isa = PBXFileReference; lastKnownFileType = sourcecode.swift; path = CookingModeVC.swift; sourceTree = "<group>"; };
		5858B7402B6B05E3005CB438 /* RecipeCell.swift */ = {isa = PBXFileReference; lastKnownFileType = sourcecode.swift; path = RecipeCell.swift; sourceTree = "<group>"; };
		585F7C902C51B66B0005A55C /* RecipesSearchResultVC.swift */ = {isa = PBXFileReference; lastKnownFileType = sourcecode.swift; path = RecipesSearchResultVC.swift; sourceTree = "<group>"; };
		585F7C922C51B73C0005A55C /* RecipeSearchResultCell.swift */ = {isa = PBXFileReference; lastKnownFileType = sourcecode.swift; path = RecipeSearchResultCell.swift; sourceTree = "<group>"; };
		58614D152BA123EF007AD868 /* ShopingListEntity.swift */ = {isa = PBXFileReference; lastKnownFileType = sourcecode.swift; path = ShopingListEntity.swift; sourceTree = "<group>"; };
		586230ED2BB593A4000456D0 /* AppCoordinator.swift */ = {isa = PBXFileReference; lastKnownFileType = sourcecode.swift; path = AppCoordinator.swift; sourceTree = "<group>"; };
		586932142B252D1800379C8C /* UIViewExt.swift */ = {isa = PBXFileReference; lastKnownFileType = sourcecode.swift; path = UIViewExt.swift; sourceTree = "<group>"; };
		586932162B25351A00379C8C /* AddRecipeIngredientsVC.swift */ = {isa = PBXFileReference; lastKnownFileType = sourcecode.swift; path = AddRecipeIngredientsVC.swift; sourceTree = "<group>"; };
		5869321A2B253AB300379C8C /* AddRecipeInstructionsVC.swift */ = {isa = PBXFileReference; lastKnownFileType = sourcecode.swift; path = AddRecipeInstructionsVC.swift; sourceTree = "<group>"; };
		5869321C2B26112000379C8C /* IconImage.swift */ = {isa = PBXFileReference; lastKnownFileType = sourcecode.swift; path = IconImage.swift; sourceTree = "<group>"; };
		587E7A212C68C8D1002E9BB5 /* RecipeDetailsVM_Tests.swift */ = {isa = PBXFileReference; lastKnownFileType = sourcecode.swift; path = RecipeDetailsVM_Tests.swift; sourceTree = "<group>"; };
		587E7A242C6940DE002E9BB5 /* MockLocalFileManager.swift */ = {isa = PBXFileReference; lastKnownFileType = sourcecode.swift; path = MockLocalFileManager.swift; sourceTree = "<group>"; };
		587E7A272C6943D7002E9BB5 /* ImageFetcherManager.swift */ = {isa = PBXFileReference; lastKnownFileType = sourcecode.swift; path = ImageFetcherManager.swift; sourceTree = "<group>"; };
		587E7A292C6944E0002E9BB5 /* MockImageFetcherManager.swift */ = {isa = PBXFileReference; lastKnownFileType = sourcecode.swift; path = MockImageFetcherManager.swift; sourceTree = "<group>"; };
		587E7A2B2C695E1C002E9BB5 /* RecipesListVM_Tests.swift */ = {isa = PBXFileReference; lastKnownFileType = sourcecode.swift; path = RecipesListVM_Tests.swift; sourceTree = "<group>"; };
		587F97192BA71A0900F5B937 /* ShopingListModel.swift */ = {isa = PBXFileReference; lastKnownFileType = sourcecode.swift; path = ShopingListModel.swift; sourceTree = "<group>"; };
		5887468B2B2E075C00EC5E11 /* IngredientsCell.swift */ = {isa = PBXFileReference; lastKnownFileType = sourcecode.swift; path = IngredientsCell.swift; sourceTree = "<group>"; };
		5887468D2B2E1AA000EC5E11 /* AddIngredientSheetVC.swift */ = {isa = PBXFileReference; lastKnownFileType = sourcecode.swift; path = AddIngredientSheetVC.swift; sourceTree = "<group>"; };
		588746902B2E400000EC5E11 /* ActionButton.swift */ = {isa = PBXFileReference; lastKnownFileType = sourcecode.swift; path = ActionButton.swift; sourceTree = "<group>"; };
		588746922B2E6D4B00EC5E11 /* AdaptiveLayoutHelper.swift */ = {isa = PBXFileReference; lastKnownFileType = sourcecode.swift; path = AdaptiveLayoutHelper.swift; sourceTree = "<group>"; };
		589929472B44843A00FAB070 /* TabBarCoordinator.swift */ = {isa = PBXFileReference; lastKnownFileType = sourcecode.swift; path = TabBarCoordinator.swift; sourceTree = "<group>"; };
		589929492B4484FD00FAB070 /* RecipesListCoordinator.swift */ = {isa = PBXFileReference; lastKnownFileType = sourcecode.swift; path = RecipesListCoordinator.swift; sourceTree = "<group>"; };
		5899294B2B44851F00FAB070 /* ShopingListCoordinator.swift */ = {isa = PBXFileReference; lastKnownFileType = sourcecode.swift; path = ShopingListCoordinator.swift; sourceTree = "<group>"; };
		5899294D2B44946000FAB070 /* AddRecipeCoordinator.swift */ = {isa = PBXFileReference; lastKnownFileType = sourcecode.swift; path = AddRecipeCoordinator.swift; sourceTree = "<group>"; };
		5899294F2B44A28100FAB070 /* NavigationBarAppearanceManager.swift */ = {isa = PBXFileReference; lastKnownFileType = sourcecode.swift; path = NavigationBarAppearanceManager.swift; sourceTree = "<group>"; };
		589A65C72B855EFF0018779B /* RecipeDetailsVC.swift */ = {isa = PBXFileReference; lastKnownFileType = sourcecode.swift; path = RecipeDetailsVC.swift; sourceTree = "<group>"; };
		589A65C92B85600C0018779B /* RecipeDetailsCoordinator.swift */ = {isa = PBXFileReference; lastKnownFileType = sourcecode.swift; path = RecipeDetailsCoordinator.swift; sourceTree = "<group>"; };
		589A65CB2B85607D0018779B /* RecipeDetailsVM.swift */ = {isa = PBXFileReference; lastKnownFileType = sourcecode.swift; path = RecipeDetailsVM.swift; sourceTree = "<group>"; };
		589CA7FF2BB2E8720008DFC3 /* RecipesSectionHeaderView.swift */ = {isa = PBXFileReference; lastKnownFileType = sourcecode.swift; path = RecipesSectionHeaderView.swift; sourceTree = "<group>"; };
		589CA8022BB2EB160008DFC3 /* UnloggedOnboardingVC.swift */ = {isa = PBXFileReference; fileEncoding = 4; lastKnownFileType = sourcecode.swift; path = UnloggedOnboardingVC.swift; sourceTree = "<group>"; };
		589CA8032BB2EB160008DFC3 /* ResetPasswordVC.swift */ = {isa = PBXFileReference; fileEncoding = 4; lastKnownFileType = sourcecode.swift; path = ResetPasswordVC.swift; sourceTree = "<group>"; };
		589CA8042BB2EB160008DFC3 /* OnboardingVM.swift */ = {isa = PBXFileReference; fileEncoding = 4; lastKnownFileType = sourcecode.swift; path = OnboardingVM.swift; sourceTree = "<group>"; };
		589CA8052BB2EB160008DFC3 /* OnboardingCoordinator.swift */ = {isa = PBXFileReference; fileEncoding = 4; lastKnownFileType = sourcecode.swift; path = OnboardingCoordinator.swift; sourceTree = "<group>"; };
		589CA8062BB2EB160008DFC3 /* RegisterOnboardingVC.swift */ = {isa = PBXFileReference; fileEncoding = 4; lastKnownFileType = sourcecode.swift; path = RegisterOnboardingVC.swift; sourceTree = "<group>"; };
		589CA8072BB2EB160008DFC3 /* LoginOnboardingVC.swift */ = {isa = PBXFileReference; fileEncoding = 4; lastKnownFileType = sourcecode.swift; path = LoginOnboardingVC.swift; sourceTree = "<group>"; };
		58A38F892B5D1CFD00007AC1 /* AddInstructionSheetVC.swift */ = {isa = PBXFileReference; lastKnownFileType = sourcecode.swift; path = AddInstructionSheetVC.swift; sourceTree = "<group>"; };
		58AA17602B88136000C44578 /* LocalFileManager.swift */ = {isa = PBXFileReference; lastKnownFileType = sourcecode.swift; path = LocalFileManager.swift; sourceTree = "<group>"; };
		58AB57BC2B588E8400053C74 /* DataRepository.swift */ = {isa = PBXFileReference; lastKnownFileType = sourcecode.swift; path = DataRepository.swift; sourceTree = "<group>"; };
		58AD97E42BDADF7F002A6C40 /* Navigator.swift */ = {isa = PBXFileReference; lastKnownFileType = sourcecode.swift; path = Navigator.swift; sourceTree = "<group>"; };
		58AE0C8C2C72406F009064CC /* CookingIngredientsListSheetVC.swift */ = {isa = PBXFileReference; lastKnownFileType = sourcecode.swift; path = CookingIngredientsListSheetVC.swift; sourceTree = "<group>"; };
		58B8618E2BB8A41D00597153 /* UIFontExt.swift */ = {isa = PBXFileReference; lastKnownFileType = sourcecode.swift; path = UIFontExt.swift; sourceTree = "<group>"; };
		58B99A792C73386E000B0818 /* CookingTimerSheetVC.swift */ = {isa = PBXFileReference; lastKnownFileType = sourcecode.swift; path = CookingTimerSheetVC.swift; sourceTree = "<group>"; };
		58B99A7B2C77D262000B0818 /* ShakeAnimation.swift */ = {isa = PBXFileReference; lastKnownFileType = sourcecode.swift; path = ShakeAnimation.swift; sourceTree = "<group>"; };
		58B99A7D2C77D9E4000B0818 /* CookingInstructionVC.swift */ = {isa = PBXFileReference; lastKnownFileType = sourcecode.swift; path = CookingInstructionVC.swift; sourceTree = "<group>"; };
		58B99A7F2C79B780000B0818 /* PickerVC.swift */ = {isa = PBXFileReference; lastKnownFileType = sourcecode.swift; path = PickerVC.swift; sourceTree = "<group>"; };
		58B99A812C79CA88000B0818 /* CookingModeViewModel_Tests.swift */ = {isa = PBXFileReference; lastKnownFileType = sourcecode.swift; path = CookingModeViewModel_Tests.swift; sourceTree = "<group>"; };
		58BBEB742B59C94B0058851C /* IngredientEntity.swift */ = {isa = PBXFileReference; lastKnownFileType = sourcecode.swift; path = IngredientEntity.swift; sourceTree = "<group>"; };
		58BBEB7A2B59C9EB0058851C /* RecipeEntity.swift */ = {isa = PBXFileReference; lastKnownFileType = sourcecode.swift; path = RecipeEntity.swift; sourceTree = "<group>"; };
		58BBEB842B5AEDAE0058851C /* InstructionCell.swift */ = {isa = PBXFileReference; lastKnownFileType = sourcecode.swift; path = InstructionCell.swift; sourceTree = "<group>"; };
		58BBEB8F2B5AF5D10058851C /* InstructionEntity.swift */ = {isa = PBXFileReference; lastKnownFileType = sourcecode.swift; path = InstructionEntity.swift; sourceTree = "<group>"; };
		58BBEB942B5B0C3A0058851C /* InstructionModel.swift */ = {isa = PBXFileReference; lastKnownFileType = sourcecode.swift; path = InstructionModel.swift; sourceTree = "<group>"; };
		58BBEB972B5B28390058851C /* YemData.xcdatamodel */ = {isa = PBXFileReference; lastKnownFileType = wrapper.xcdatamodel; path = YemData.xcdatamodel; sourceTree = "<group>"; };
		58BBEB9A2B5C14C70058851C /* InstructionTableFooterView.swift */ = {isa = PBXFileReference; lastKnownFileType = sourcecode.swift; path = InstructionTableFooterView.swift; sourceTree = "<group>"; };
		58BBEB9C2B5C18840058851C /* InstructionTableHeaderView.swift */ = {isa = PBXFileReference; lastKnownFileType = sourcecode.swift; path = InstructionTableHeaderView.swift; sourceTree = "<group>"; };
		58C259CE2C147ADE004BCEC2 /* SplashScreenCoordinator.swift */ = {isa = PBXFileReference; lastKnownFileType = sourcecode.swift; path = SplashScreenCoordinator.swift; sourceTree = "<group>"; };
		58C3E4AA2C5AD586005CAC3E /* GoogleService-Info.plist */ = {isa = PBXFileReference; fileEncoding = 4; lastKnownFileType = text.plist.xml; path = "GoogleService-Info.plist"; sourceTree = "<group>"; };
		58C3E4AC2C6017AD005CAC3E /* MockDataRepository.swift */ = {isa = PBXFileReference; lastKnownFileType = sourcecode.swift; path = MockDataRepository.swift; sourceTree = "<group>"; };
		58C3E4AE2C616B75005CAC3E /* AddRecipeViewModel_Tests.swift */ = {isa = PBXFileReference; lastKnownFileType = sourcecode.swift; path = AddRecipeViewModel_Tests.swift; sourceTree = "<group>"; };
		58C3E4B12C67CBD0005CAC3E /* ShopingListVM_Tests.swift */ = {isa = PBXFileReference; lastKnownFileType = sourcecode.swift; path = ShopingListVM_Tests.swift; sourceTree = "<group>"; };
		58C5814B2B93D884000D3B7D /* UILabelExt.swift */ = {isa = PBXFileReference; lastKnownFileType = sourcecode.swift; path = UILabelExt.swift; sourceTree = "<group>"; };
		58C5814D2B94BB49000D3B7D /* IngredientView.swift */ = {isa = PBXFileReference; lastKnownFileType = sourcecode.swift; path = IngredientView.swift; sourceTree = "<group>"; };
		58C66A4E2B5D3E000042C7CD /* AddNote.swift */ = {isa = PBXFileReference; lastKnownFileType = sourcecode.swift; path = AddNote.swift; sourceTree = "<group>"; };
		58D5E7D82B3C6FE2007FC9E8 /* DefaultOnTapAnimation.swift */ = {isa = PBXFileReference; lastKnownFileType = sourcecode.swift; path = DefaultOnTapAnimation.swift; sourceTree = "<group>"; };
		58D5F9BF2B27A84700A72619 /* AddPicker.swift */ = {isa = PBXFileReference; lastKnownFileType = sourcecode.swift; path = AddPicker.swift; sourceTree = "<group>"; };
		58D5F9C12B27B3F600A72619 /* TextfieldWithIcon.swift */ = {isa = PBXFileReference; lastKnownFileType = sourcecode.swift; path = TextfieldWithIcon.swift; sourceTree = "<group>"; };
		58D644182B56F4AD0008413A /* CoreDataManager.swift */ = {isa = PBXFileReference; lastKnownFileType = sourcecode.swift; path = CoreDataManager.swift; sourceTree = "<group>"; };
		58EBB0762B227B82000EB128 /* PhotoView.swift */ = {isa = PBXFileReference; lastKnownFileType = sourcecode.swift; path = PhotoView.swift; sourceTree = "<group>"; };
		58F2F8432B9131D700ACE336 /* DetailsView.swift */ = {isa = PBXFileReference; lastKnownFileType = sourcecode.swift; path = DetailsView.swift; sourceTree = "<group>"; };
/* End PBXFileReference section */

/* Begin PBXFrameworksBuildPhase section */
		58356AF42B1FB9E5000AC548 /* Frameworks */ = {
			isa = PBXFrameworksBuildPhase;
			buildActionMask = 2147483647;
			files = (
				588FCE482BB22575009F9A8D /* Kingfisher in Frameworks */,
				581049572BB4355C00FF2E8C /* FirebaseAuth in Frameworks */,
				588FCE452BB21ACC009F9A8D /* LifetimeTracker in Frameworks */,
				581049532BB4355C00FF2E8C /* FirebaseAnalytics in Frameworks */,
				580ED37E2B24BD1300B4A9F0 /* SnapKit in Frameworks */,
				581049552BB4355C00FF2E8C /* FirebaseAnalyticsSwift in Frameworks */,
				581049592BB4355C00FF2E8C /* FirebaseFirestore in Frameworks */,
				5810495B2BB4355C00FF2E8C /* FirebaseFirestoreSwift in Frameworks */,
			);
			runOnlyForDeploymentPostprocessing = 0;
		};
		58356B0D2B1FB9E8000AC548 /* Frameworks */ = {
			isa = PBXFrameworksBuildPhase;
			buildActionMask = 2147483647;
			files = (
			);
			runOnlyForDeploymentPostprocessing = 0;
		};
		58356B172B1FB9E8000AC548 /* Frameworks */ = {
			isa = PBXFrameworksBuildPhase;
			buildActionMask = 2147483647;
			files = (
			);
			runOnlyForDeploymentPostprocessing = 0;
		};
/* End PBXFrameworksBuildPhase section */

/* Begin PBXGroup section */
		58102DD22B2494BC0090EAE8 /* Screens */ = {
			isa = PBXGroup;
			children = (
				585230F02C70C08800E9C142 /* CookingMode */,
				583C5D702BBD889A002FCD5C /* Settings */,
				589CA8012BB2EB070008DFC3 /* Onboarding */,
				58102DD32B2494C20090EAE8 /* RecipesList */,
				589A65C62B855E2E0018779B /* RecipeDetails */,
				58102DD72B24961B0090EAE8 /* AddRecipe */,
				58102DDC2B24A2080090EAE8 /* ShopingList */,
			);
			path = Screens;
			sourceTree = "<group>";
		};
		58102DD32B2494C20090EAE8 /* RecipesList */ = {
			isa = PBXGroup;
			children = (
				58356B482B20E0ED000AC548 /* RecipesListVC.swift */,
				585F7C902C51B66B0005A55C /* RecipesSearchResultVC.swift */,
				58102DD42B2494ED0090EAE8 /* RecipesListVM.swift */,
				589929492B4484FD00FAB070 /* RecipesListCoordinator.swift */,
			);
			path = RecipesList;
			sourceTree = "<group>";
		};
		58102DD62B2496110090EAE8 /* Model */ = {
			isa = PBXGroup;
			children = (
				5812ADEC2B5927E90035EAA5 /* RecipeModel.swift */,
				580ED3832B2513C000B4A9F0 /* IngredientModel.swift */,
				58BBEB942B5B0C3A0058851C /* InstructionModel.swift */,
				587F97192BA71A0900F5B937 /* ShopingListModel.swift */,
			);
			path = Model;
			sourceTree = "<group>";
		};
		58102DD72B24961B0090EAE8 /* AddRecipe */ = {
			isa = PBXGroup;
			children = (
				58356B5A2B2267BE000AC548 /* AddRecipeVC.swift */,
				586932162B25351A00379C8C /* AddRecipeIngredientsVC.swift */,
				5887468D2B2E1AA000EC5E11 /* AddIngredientSheetVC.swift */,
				5869321A2B253AB300379C8C /* AddRecipeInstructionsVC.swift */,
				58A38F892B5D1CFD00007AC1 /* AddInstructionSheetVC.swift */,
				58102DDA2B249F900090EAE8 /* AddRecipeVM.swift */,
				5899294D2B44946000FAB070 /* AddRecipeCoordinator.swift */,
				58B99A7F2C79B780000B0818 /* PickerVC.swift */,
			);
			path = AddRecipe;
			sourceTree = "<group>";
		};
		58102DDC2B24A2080090EAE8 /* ShopingList */ = {
			isa = PBXGroup;
			children = (
				58356B462B20E0DB000AC548 /* ShopingListVC.swift */,
				58102DDD2B24A3150090EAE8 /* ShopingListVM.swift */,
				5899294B2B44851F00FAB070 /* ShopingListCoordinator.swift */,
			);
			path = ShopingList;
			sourceTree = "<group>";
		};
		581C14712C18E88B0088245F /* Protocols */ = {
			isa = PBXGroup;
			children = (
				581C14722C18E8A70088245F /* IngredientViewModel.swift */,
			);
			path = Protocols;
			sourceTree = "<group>";
		};
		581C611D2C01F45B000E12DB /* CoreCoordinators */ = {
			isa = PBXGroup;
			children = (
				586230ED2BB593A4000456D0 /* AppCoordinator.swift */,
				58C259CE2C147ADE004BCEC2 /* SplashScreenCoordinator.swift */,
				589929472B44843A00FAB070 /* TabBarCoordinator.swift */,
			);
			path = CoreCoordinators;
			sourceTree = "<group>";
		};
		582E71AC2B62C7A3002D3164 /* Alerts */ = {
			isa = PBXGroup;
			children = (
				582E71AD2B62C7BC002D3164 /* ValidationAlertVC.swift */,
				581F14202BA8AC3B0046FFA8 /* DualOptionAlertVC.swift */,
			);
			path = Alerts;
			sourceTree = "<group>";
		};
		58356AEE2B1FB9E5000AC548 = {
			isa = PBXGroup;
			children = (
				58356AF92B1FB9E5000AC548 /* Yem */,
				58356B132B1FB9E8000AC548 /* YemTests */,
				58356B1D2B1FB9E8000AC548 /* YemUITests */,
				58356AF82B1FB9E5000AC548 /* Products */,
				58EBB0712B227A8A000EB128 /* Frameworks */,
			);
			sourceTree = "<group>";
		};
		58356AF82B1FB9E5000AC548 /* Products */ = {
			isa = PBXGroup;
			children = (
				58356AF72B1FB9E5000AC548 /* Yem.app */,
				58356B102B1FB9E8000AC548 /* YemTests.xctest */,
				58356B1A2B1FB9E8000AC548 /* YemUITests.xctest */,
			);
			name = Products;
			sourceTree = "<group>";
		};
		58356AF92B1FB9E5000AC548 /* Yem */ = {
			isa = PBXGroup;
			children = (
				581C14712C18E88B0088245F /* Protocols */,
				58356AFA2B1FB9E5000AC548 /* AppDelegate.swift */,
				58356AFC2B1FB9E5000AC548 /* SceneDelegate.swift */,
				58356B062B1FB9E7000AC548 /* Assets.xcassets */,
				58356B0B2B1FB9E7000AC548 /* Info.plist */,
				58C3E4AA2C5AD586005CAC3E /* GoogleService-Info.plist */,
				58102DD62B2496110090EAE8 /* Model */,
				58AD97E32BDADF5B002A6C40 /* Navigation */,
				58102DD22B2494BC0090EAE8 /* Screens */,
				58356B322B1FD891000AC548 /* CustomViews */,
				58356B332B1FD8A3000AC548 /* LocalData */,
				589CA80E2BB2ED6C0008DFC3 /* RemoteData */,
				584D1D4F2B2F3954009D5F28 /* Extenstions */,
				589929512B44BF6A00FAB070 /* LayoutHelpers */,
				58D5E7D72B3C6FBB007FC9E8 /* Animations */,
			);
			path = Yem;
			sourceTree = "<group>";
		};
		58356B132B1FB9E8000AC548 /* YemTests */ = {
			isa = PBXGroup;
			children = (
				587E7A202C68C854002E9BB5 /* Mocks */,
				58C3E4B02C67CBB3005CAC3E /* ViewModels */,
			);
			path = YemTests;
			sourceTree = "<group>";
		};
		58356B1D2B1FB9E8000AC548 /* YemUITests */ = {
			isa = PBXGroup;
			children = (
				58356B1E2B1FB9E8000AC548 /* YemUITests.swift */,
				58356B202B1FB9E8000AC548 /* YemUITestsLaunchTests.swift */,
			);
			path = YemUITests;
			sourceTree = "<group>";
		};
		58356B322B1FD891000AC548 /* CustomViews */ = {
			isa = PBXGroup;
			children = (
				58ACE3A52BB8F8C600766D4B /* RecipeEditorViews */,
				58ACE3A62BB8F90800766D4B /* DetailsViews */,
				582E71AC2B62C7A3002D3164 /* Alerts */,
				58D5F9BE2B27A7D400A72619 /* Components */,
				5887468A2B2E073000EC5E11 /* Cells */,
				58BBEB992B5C14980058851C /* Headers+Footers */,
			);
			path = CustomViews;
			sourceTree = "<group>";
		};
		58356B332B1FD8A3000AC548 /* LocalData */ = {
			isa = PBXGroup;
			children = (
				58FEC9F52B5880C5005B4C8F /* Enitities */,
				587E7A272C6943D7002E9BB5 /* ImageFetcherManager.swift */,
				58AA17602B88136000C44578 /* LocalFileManager.swift */,
				58AB57BC2B588E8400053C74 /* DataRepository.swift */,
				58D644182B56F4AD0008413A /* CoreDataManager.swift */,
				58BBEB962B5B28390058851C /* YemData.xcdatamodeld */,
			);
			path = LocalData;
			sourceTree = "<group>";
		};
		583C5D702BBD889A002FCD5C /* Settings */ = {
			isa = PBXGroup;
			children = (
				583C5D752BBD8C87002FCD5C /* SettingsVC.swift */,
				583C5D712BBD8BC4002FCD5C /* SettingsViewModel.swift */,
				583C5D732BBD8BFB002FCD5C /* SettingsCoordinator.swift */,
			);
			path = Settings;
			sourceTree = "<group>";
		};
		583C5D792BBE17AF002FCD5C /* Entities */ = {
			isa = PBXGroup;
			children = (
				583C5D6E2BBC63D9002FCD5C /* UserModel.swift */,
			);
			path = Entities;
			sourceTree = "<group>";
		};
		584D1D4F2B2F3954009D5F28 /* Extenstions */ = {
			isa = PBXGroup;
			children = (
				58102DDF2B24AB9E0090EAE8 /* UITextFieldExt.swift */,
				586932142B252D1800379C8C /* UIViewExt.swift */,
				58C5814B2B93D884000D3B7D /* UILabelExt.swift */,
				58B8618E2BB8A41D00597153 /* UIFontExt.swift */,
			);
			path = Extenstions;
			sourceTree = "<group>";
		};
		585230F02C70C08800E9C142 /* CookingMode */ = {
			isa = PBXGroup;
			children = (
				585230F52C70C0E600E9C142 /* CookingModeVC.swift */,
				58B99A7D2C77D9E4000B0818 /* CookingInstructionVC.swift */,
				58AE0C8C2C72406F009064CC /* CookingIngredientsListSheetVC.swift */,
				58B99A792C73386E000B0818 /* CookingTimerSheetVC.swift */,
				585230F32C70C0DA00E9C142 /* CookingModeVM.swift */,
				585230F12C70C0CA00E9C142 /* CookingModeCoordinator.swift */,
			);
			path = CookingMode;
			sourceTree = "<group>";
		};
		587E7A202C68C854002E9BB5 /* Mocks */ = {
			isa = PBXGroup;
			children = (
				58C3E4AC2C6017AD005CAC3E /* MockDataRepository.swift */,
				587E7A242C6940DE002E9BB5 /* MockLocalFileManager.swift */,
				587E7A292C6944E0002E9BB5 /* MockImageFetcherManager.swift */,
			);
			path = Mocks;
			sourceTree = "<group>";
		};
		5887468A2B2E073000EC5E11 /* Cells */ = {
			isa = PBXGroup;
			children = (
				5887468B2B2E075C00EC5E11 /* IngredientsCell.swift */,
				58BBEB842B5AEDAE0058851C /* InstructionCell.swift */,
				5858B7402B6B05E3005CB438 /* RecipeCell.swift */,
				585F7C922C51B73C0005A55C /* RecipeSearchResultCell.swift */,
				58354B542B992B1C002C7A40 /* ShopingListCell.swift */,
				583C5D772BBD97A9002FCD5C /* SettingsCell.swift */,
			);
			path = Cells;
			sourceTree = "<group>";
		};
		5887468F2B2E3F8300EC5E11 /* Buttons */ = {
			isa = PBXGroup;
			children = (
				588746902B2E400000EC5E11 /* ActionButton.swift */,
			);
			path = Buttons;
			sourceTree = "<group>";
		};
		589929512B44BF6A00FAB070 /* LayoutHelpers */ = {
			isa = PBXGroup;
			children = (
				580ED3812B25068100B4A9F0 /* ColorTheme.swift */,
				588746922B2E6D4B00EC5E11 /* AdaptiveLayoutHelper.swift */,
				5899294F2B44A28100FAB070 /* NavigationBarAppearanceManager.swift */,
			);
			path = LayoutHelpers;
			sourceTree = "<group>";
		};
		589929522B44C5DE00FAB070 /* Labels & Textfields */ = {
			isa = PBXGroup;
			children = (
				580ED37F2B24C2F300B4A9F0 /* TextLabel.swift */,
				58D5F9C12B27B3F600A72619 /* TextfieldWithIcon.swift */,
			);
			path = "Labels & Textfields";
			sourceTree = "<group>";
		};
		589929532B44C5EE00FAB070 /* Images */ = {
			isa = PBXGroup;
			children = (
				58EBB0762B227B82000EB128 /* PhotoView.swift */,
				5869321C2B26112000379C8C /* IconImage.swift */,
			);
			path = Images;
			sourceTree = "<group>";
		};
		589A65C62B855E2E0018779B /* RecipeDetails */ = {
			isa = PBXGroup;
			children = (
				589A65C72B855EFF0018779B /* RecipeDetailsVC.swift */,
				589A65CB2B85607D0018779B /* RecipeDetailsVM.swift */,
				589A65C92B85600C0018779B /* RecipeDetailsCoordinator.swift */,
			);
			path = RecipeDetails;
			sourceTree = "<group>";
		};
		589CA8012BB2EB070008DFC3 /* Onboarding */ = {
			isa = PBXGroup;
			children = (
				589CA8022BB2EB160008DFC3 /* UnloggedOnboardingVC.swift */,
				589CA8072BB2EB160008DFC3 /* LoginOnboardingVC.swift */,
				589CA8062BB2EB160008DFC3 /* RegisterOnboardingVC.swift */,
				589CA8032BB2EB160008DFC3 /* ResetPasswordVC.swift */,
				589CA8042BB2EB160008DFC3 /* OnboardingVM.swift */,
				589CA8052BB2EB160008DFC3 /* OnboardingCoordinator.swift */,
			);
			path = Onboarding;
			sourceTree = "<group>";
		};
		589CA80E2BB2ED6C0008DFC3 /* RemoteData */ = {
			isa = PBXGroup;
			children = (
				583C5D792BBE17AF002FCD5C /* Entities */,
				5810495E2BB4455800FF2E8C /* AuthenticationManager.swift */,
				581049602BB445D400FF2E8C /* FirestoreRepository.swift */,
			);
			path = RemoteData;
			sourceTree = "<group>";
		};
		58ACE3A52BB8F8C600766D4B /* RecipeEditorViews */ = {
			isa = PBXGroup;
			children = (
				58D5F9BF2B27A84700A72619 /* AddPicker.swift */,
				58C66A4E2B5D3E000042C7CD /* AddNote.swift */,
			);
			path = RecipeEditorViews;
			sourceTree = "<group>";
		};
		58ACE3A62BB8F90800766D4B /* DetailsViews */ = {
			isa = PBXGroup;
			children = (
				58F2F8432B9131D700ACE336 /* DetailsView.swift */,
				58C5814D2B94BB49000D3B7D /* IngredientView.swift */,
			);
			path = DetailsViews;
			sourceTree = "<group>";
		};
		58AD97E32BDADF5B002A6C40 /* Navigation */ = {
			isa = PBXGroup;
			children = (
				581C611D2C01F45B000E12DB /* CoreCoordinators */,
				58AD97E42BDADF7F002A6C40 /* Navigator.swift */,
				583647002C14F8FD00EABB64 /* Destination.swift */,
			);
			path = Navigation;
			sourceTree = "<group>";
		};
		58BBEB992B5C14980058851C /* Headers+Footers */ = {
			isa = PBXGroup;
			children = (
				589CA7FF2BB2E8720008DFC3 /* RecipesSectionHeaderView.swift */,
				58094EBB2B26164B00D4D2FC /* IngredientsTableFooterView.swift */,
				58094EBD2B267E6300D4D2FC /* IngredientsTableHeaderView.swift */,
				58BBEB9A2B5C14C70058851C /* InstructionTableFooterView.swift */,
				58BBEB9C2B5C18840058851C /* InstructionTableHeaderView.swift */,
			);
			path = "Headers+Footers";
			sourceTree = "<group>";
		};
		58C3E4B02C67CBB3005CAC3E /* ViewModels */ = {
			isa = PBXGroup;
			children = (
				58C3E4AE2C616B75005CAC3E /* AddRecipeViewModel_Tests.swift */,
				58C3E4B12C67CBD0005CAC3E /* ShopingListVM_Tests.swift */,
				587E7A212C68C8D1002E9BB5 /* RecipeDetailsVM_Tests.swift */,
				587E7A2B2C695E1C002E9BB5 /* RecipesListVM_Tests.swift */,
				58B99A812C79CA88000B0818 /* CookingModeViewModel_Tests.swift */,
			);
			path = ViewModels;
			sourceTree = "<group>";
		};
		58D5E7D72B3C6FBB007FC9E8 /* Animations */ = {
			isa = PBXGroup;
			children = (
				58D5E7D82B3C6FE2007FC9E8 /* DefaultOnTapAnimation.swift */,
				583D899A2C6E8ED90063067A /* AnimateFadeInAndOut.swift */,
				58B99A7B2C77D262000B0818 /* ShakeAnimation.swift */,
			);
			path = Animations;
			sourceTree = "<group>";
		};
		58D5F9BE2B27A7D400A72619 /* Components */ = {
			isa = PBXGroup;
			children = (
				589929522B44C5DE00FAB070 /* Labels & Textfields */,
				5887468F2B2E3F8300EC5E11 /* Buttons */,
				589929532B44C5EE00FAB070 /* Images */,
			);
			path = Components;
			sourceTree = "<group>";
		};
		58EBB0712B227A8A000EB128 /* Frameworks */ = {
			isa = PBXGroup;
			children = (
			);
			name = Frameworks;
			sourceTree = "<group>";
		};
		58FEC9F52B5880C5005B4C8F /* Enitities */ = {
			isa = PBXGroup;
			children = (
				58BBEB7A2B59C9EB0058851C /* RecipeEntity.swift */,
				58BBEB742B59C94B0058851C /* IngredientEntity.swift */,
				58BBEB8F2B5AF5D10058851C /* InstructionEntity.swift */,
				58614D152BA123EF007AD868 /* ShopingListEntity.swift */,
			);
			path = Enitities;
			sourceTree = "<group>";
		};
/* End PBXGroup section */

/* Begin PBXNativeTarget section */
		58356AF62B1FB9E5000AC548 /* Yem */ = {
			isa = PBXNativeTarget;
			buildConfigurationList = 58356B242B1FB9E8000AC548 /* Build configuration list for PBXNativeTarget "Yem" */;
			buildPhases = (
				58356AF32B1FB9E5000AC548 /* Sources */,
				58356AF42B1FB9E5000AC548 /* Frameworks */,
				58356AF52B1FB9E5000AC548 /* Resources */,
			);
			buildRules = (
			);
			dependencies = (
			);
			name = Yem;
			packageProductDependencies = (
				580ED37D2B24BD1300B4A9F0 /* SnapKit */,
				588FCE442BB21ACC009F9A8D /* LifetimeTracker */,
				588FCE472BB22575009F9A8D /* Kingfisher */,
				581049522BB4355C00FF2E8C /* FirebaseAnalytics */,
				581049542BB4355C00FF2E8C /* FirebaseAnalyticsSwift */,
				581049562BB4355C00FF2E8C /* FirebaseAuth */,
				581049582BB4355C00FF2E8C /* FirebaseFirestore */,
				5810495A2BB4355C00FF2E8C /* FirebaseFirestoreSwift */,
			);
			productName = Yem;
			productReference = 58356AF72B1FB9E5000AC548 /* Yem.app */;
			productType = "com.apple.product-type.application";
		};
		58356B0F2B1FB9E8000AC548 /* YemTests */ = {
			isa = PBXNativeTarget;
			buildConfigurationList = 58356B272B1FB9E8000AC548 /* Build configuration list for PBXNativeTarget "YemTests" */;
			buildPhases = (
				58356B0C2B1FB9E8000AC548 /* Sources */,
				58356B0D2B1FB9E8000AC548 /* Frameworks */,
				58356B0E2B1FB9E8000AC548 /* Resources */,
			);
			buildRules = (
			);
			dependencies = (
				58356B122B1FB9E8000AC548 /* PBXTargetDependency */,
			);
			name = YemTests;
			productName = YemTests;
			productReference = 58356B102B1FB9E8000AC548 /* YemTests.xctest */;
			productType = "com.apple.product-type.bundle.unit-test";
		};
		58356B192B1FB9E8000AC548 /* YemUITests */ = {
			isa = PBXNativeTarget;
			buildConfigurationList = 58356B2A2B1FB9E8000AC548 /* Build configuration list for PBXNativeTarget "YemUITests" */;
			buildPhases = (
				58356B162B1FB9E8000AC548 /* Sources */,
				58356B172B1FB9E8000AC548 /* Frameworks */,
				58356B182B1FB9E8000AC548 /* Resources */,
			);
			buildRules = (
			);
			dependencies = (
				58356B1C2B1FB9E8000AC548 /* PBXTargetDependency */,
			);
			name = YemUITests;
			productName = YemUITests;
			productReference = 58356B1A2B1FB9E8000AC548 /* YemUITests.xctest */;
			productType = "com.apple.product-type.bundle.ui-testing";
		};
/* End PBXNativeTarget section */

/* Begin PBXProject section */
		58356AEF2B1FB9E5000AC548 /* Project object */ = {
			isa = PBXProject;
			attributes = {
				BuildIndependentTargetsInParallel = 1;
				LastSwiftUpdateCheck = 1500;
				LastUpgradeCheck = 1500;
				TargetAttributes = {
					58356AF62B1FB9E5000AC548 = {
						CreatedOnToolsVersion = 15.0;
					};
					58356B0F2B1FB9E8000AC548 = {
						CreatedOnToolsVersion = 15.0;
						TestTargetID = 58356AF62B1FB9E5000AC548;
					};
					58356B192B1FB9E8000AC548 = {
						CreatedOnToolsVersion = 15.0;
						TestTargetID = 58356AF62B1FB9E5000AC548;
					};
				};
			};
			buildConfigurationList = 58356AF22B1FB9E5000AC548 /* Build configuration list for PBXProject "Yem" */;
			compatibilityVersion = "Xcode 14.0";
			developmentRegion = en;
			hasScannedForEncodings = 0;
			knownRegions = (
				en,
				Base,
			);
			mainGroup = 58356AEE2B1FB9E5000AC548;
			packageReferences = (
				58356B642B2279E9000AC548 /* XCRemoteSwiftPackageReference "SnapKit" */,
				588FCE432BB21ACC009F9A8D /* XCRemoteSwiftPackageReference "LifetimeTracker" */,
				588FCE462BB22575009F9A8D /* XCRemoteSwiftPackageReference "Kingfisher" */,
				581049512BB4355C00FF2E8C /* XCRemoteSwiftPackageReference "firebase-ios-sdk" */,
			);
			productRefGroup = 58356AF82B1FB9E5000AC548 /* Products */;
			projectDirPath = "";
			projectRoot = "";
			targets = (
				58356AF62B1FB9E5000AC548 /* Yem */,
				58356B0F2B1FB9E8000AC548 /* YemTests */,
				58356B192B1FB9E8000AC548 /* YemUITests */,
			);
		};
/* End PBXProject section */

/* Begin PBXResourcesBuildPhase section */
		58356AF52B1FB9E5000AC548 /* Resources */ = {
			isa = PBXResourcesBuildPhase;
			buildActionMask = 2147483647;
			files = (
				58356B072B1FB9E7000AC548 /* Assets.xcassets in Resources */,
				58C3E4AB2C5AD586005CAC3E /* GoogleService-Info.plist in Resources */,
			);
			runOnlyForDeploymentPostprocessing = 0;
		};
		58356B0E2B1FB9E8000AC548 /* Resources */ = {
			isa = PBXResourcesBuildPhase;
			buildActionMask = 2147483647;
			files = (
				587E7A232C68F929002E9BB5 /* Assets.xcassets in Resources */,
			);
			runOnlyForDeploymentPostprocessing = 0;
		};
		58356B182B1FB9E8000AC548 /* Resources */ = {
			isa = PBXResourcesBuildPhase;
			buildActionMask = 2147483647;
			files = (
			);
			runOnlyForDeploymentPostprocessing = 0;
		};
/* End PBXResourcesBuildPhase section */

/* Begin PBXSourcesBuildPhase section */
		58356AF32B1FB9E5000AC548 /* Sources */ = {
			isa = PBXSourcesBuildPhase;
			buildActionMask = 2147483647;
			files = (
				58BBEB952B5B0C3A0058851C /* InstructionModel.swift in Sources */,
				589A65CC2B85607D0018779B /* RecipeDetailsVM.swift in Sources */,
				58BBEB982B5B28390058851C /* YemData.xcdatamodeld in Sources */,
				585F7C912C51B66B0005A55C /* RecipesSearchResultVC.swift in Sources */,
				585F7C932C51B73C0005A55C /* RecipeSearchResultCell.swift in Sources */,
				58C5814E2B94BB49000D3B7D /* IngredientView.swift in Sources */,
				58D5F9C02B27A84700A72619 /* AddPicker.swift in Sources */,
				58356B472B20E0DB000AC548 /* ShopingListVC.swift in Sources */,
				58BBEB9B2B5C14C70058851C /* InstructionTableFooterView.swift in Sources */,
				583C5D782BBD97A9002FCD5C /* SettingsCell.swift in Sources */,
				589CA80A2BB2EB160008DFC3 /* OnboardingVM.swift in Sources */,
				5899294A2B4484FD00FAB070 /* RecipesListCoordinator.swift in Sources */,
				589CA8092BB2EB160008DFC3 /* ResetPasswordVC.swift in Sources */,
				581C14732C18E8A70088245F /* IngredientViewModel.swift in Sources */,
				5869321D2B26112000379C8C /* IconImage.swift in Sources */,
				58094EBE2B267E6300D4D2FC /* IngredientsTableHeaderView.swift in Sources */,
				58A38F8A2B5D1CFD00007AC1 /* AddInstructionSheetVC.swift in Sources */,
				58B99A7E2C77D9E5000B0818 /* CookingInstructionVC.swift in Sources */,
				58102DD52B2494ED0090EAE8 /* RecipesListVM.swift in Sources */,
				58102DDE2B24A3150090EAE8 /* ShopingListVM.swift in Sources */,
				589A65CA2B85600C0018779B /* RecipeDetailsCoordinator.swift in Sources */,
				587E7A282C6943D7002E9BB5 /* ImageFetcherManager.swift in Sources */,
				58AE0C8D2C72406F009064CC /* CookingIngredientsListSheetVC.swift in Sources */,
				58094EBC2B26164B00D4D2FC /* IngredientsTableFooterView.swift in Sources */,
				58AD97E52BDADF7F002A6C40 /* Navigator.swift in Sources */,
				58356B492B20E0ED000AC548 /* RecipesListVC.swift in Sources */,
				58D5E7D92B3C6FE2007FC9E8 /* DefaultOnTapAnimation.swift in Sources */,
				5810495F2BB4455800FF2E8C /* AuthenticationManager.swift in Sources */,
				58356AFB2B1FB9E5000AC548 /* AppDelegate.swift in Sources */,
				58614D172BA123EF007AD868 /* ShopingListEntity.swift in Sources */,
				585230F42C70C0DA00E9C142 /* CookingModeVM.swift in Sources */,
				5858B7412B6B05E3005CB438 /* RecipeCell.swift in Sources */,
				58B99A802C79B780000B0818 /* PickerVC.swift in Sources */,
				589CA80C2BB2EB160008DFC3 /* RegisterOnboardingVC.swift in Sources */,
				58BBEB9D2B5C18840058851C /* InstructionTableHeaderView.swift in Sources */,
				580ED3822B25068100B4A9F0 /* ColorTheme.swift in Sources */,
				5869321B2B253AB300379C8C /* AddRecipeInstructionsVC.swift in Sources */,
				589CA80D2BB2EB160008DFC3 /* LoginOnboardingVC.swift in Sources */,
				589CA8002BB2E8720008DFC3 /* RecipesSectionHeaderView.swift in Sources */,
				58C5814C2B93D884000D3B7D /* UILabelExt.swift in Sources */,
				586932172B25351A00379C8C /* AddRecipeIngredientsVC.swift in Sources */,
				589A65C82B855EFF0018779B /* RecipeDetailsVC.swift in Sources */,
				580ED3802B24C2F300B4A9F0 /* TextLabel.swift in Sources */,
				58356AFD2B1FB9E5000AC548 /* SceneDelegate.swift in Sources */,
				589CA80B2BB2EB160008DFC3 /* OnboardingCoordinator.swift in Sources */,
				58BBEB852B5AEDAF0058851C /* InstructionCell.swift in Sources */,
				586230EE2BB593A4000456D0 /* AppCoordinator.swift in Sources */,
				589CA8082BB2EB160008DFC3 /* UnloggedOnboardingVC.swift in Sources */,
				58EBB0772B227B82000EB128 /* PhotoView.swift in Sources */,
				583C5D722BBD8BC4002FCD5C /* SettingsViewModel.swift in Sources */,
				585230F22C70C0CA00E9C142 /* CookingModeCoordinator.swift in Sources */,
				581F14212BA8AC3B0046FFA8 /* DualOptionAlertVC.swift in Sources */,
				58B8618F2BB8A41D00597153 /* UIFontExt.swift in Sources */,
				589929502B44A28100FAB070 /* NavigationBarAppearanceManager.swift in Sources */,
				588746932B2E6D4B00EC5E11 /* AdaptiveLayoutHelper.swift in Sources */,
				5899294C2B44851F00FAB070 /* ShopingListCoordinator.swift in Sources */,
				589929482B44843A00FAB070 /* TabBarCoordinator.swift in Sources */,
				583D899B2C6E8ED90063067A /* AnimateFadeInAndOut.swift in Sources */,
				5887468E2B2E1AA000EC5E11 /* AddIngredientSheetVC.swift in Sources */,
				58356B5B2B2267BE000AC548 /* AddRecipeVC.swift in Sources */,
				58C66A4F2B5D3E000042C7CD /* AddNote.swift in Sources */,
				588746912B2E400000EC5E11 /* ActionButton.swift in Sources */,
				58C259CF2C147ADE004BCEC2 /* SplashScreenCoordinator.swift in Sources */,
				58AB57BD2B588E8400053C74 /* DataRepository.swift in Sources */,
				586932152B252D1800379C8C /* UIViewExt.swift in Sources */,
				58BBEB7C2B59C9EB0058851C /* RecipeEntity.swift in Sources */,
				58354B552B992B1C002C7A40 /* ShopingListCell.swift in Sources */,
				583C5D6F2BBC63D9002FCD5C /* UserModel.swift in Sources */,
				5812ADED2B5927E90035EAA5 /* RecipeModel.swift in Sources */,
				58AA17612B88136000C44578 /* LocalFileManager.swift in Sources */,
				58BBEB932B5AF5D10058851C /* InstructionEntity.swift in Sources */,
				58D5F9C22B27B3F600A72619 /* TextfieldWithIcon.swift in Sources */,
				583C5D762BBD8C87002FCD5C /* SettingsVC.swift in Sources */,
				58BBEB762B59C94B0058851C /* IngredientEntity.swift in Sources */,
				58102DDB2B249F900090EAE8 /* AddRecipeVM.swift in Sources */,
				5887468C2B2E075C00EC5E11 /* IngredientsCell.swift in Sources */,
				583647012C14F8FD00EABB64 /* Destination.swift in Sources */,
				581049612BB445D400FF2E8C /* FirestoreRepository.swift in Sources */,
				58B99A7A2C73386E000B0818 /* CookingTimerSheetVC.swift in Sources */,
				58B99A7C2C77D262000B0818 /* ShakeAnimation.swift in Sources */,
				580ED3842B2513C000B4A9F0 /* IngredientModel.swift in Sources */,
				5899294E2B44946000FAB070 /* AddRecipeCoordinator.swift in Sources */,
				587F971A2BA71A0900F5B937 /* ShopingListModel.swift in Sources */,
				585230F62C70C0E600E9C142 /* CookingModeVC.swift in Sources */,
				582E71AE2B62C7BC002D3164 /* ValidationAlertVC.swift in Sources */,
				58D644192B56F4AD0008413A /* CoreDataManager.swift in Sources */,
				583C5D742BBD8BFB002FCD5C /* SettingsCoordinator.swift in Sources */,
				58102DE02B24AB9E0090EAE8 /* UITextFieldExt.swift in Sources */,
				58F2F8442B9131D700ACE336 /* DetailsView.swift in Sources */,
			);
			runOnlyForDeploymentPostprocessing = 0;
		};
		58356B0C2B1FB9E8000AC548 /* Sources */ = {
			isa = PBXSourcesBuildPhase;
			buildActionMask = 2147483647;
			files = (
				58B99A822C79CA88000B0818 /* CookingModeViewModel_Tests.swift in Sources */,
				587E7A2C2C695E1C002E9BB5 /* RecipesListVM_Tests.swift in Sources */,
				58C3E4B22C67CBD0005CAC3E /* ShopingListVM_Tests.swift in Sources */,
				587E7A222C68C8D1002E9BB5 /* RecipeDetailsVM_Tests.swift in Sources */,
				587E7A252C6940DE002E9BB5 /* MockLocalFileManager.swift in Sources */,
				58C3E4AD2C6017AD005CAC3E /* MockDataRepository.swift in Sources */,
				58C3E4AF2C616B75005CAC3E /* AddRecipeViewModel_Tests.swift in Sources */,
				587E7A2A2C6944E0002E9BB5 /* MockImageFetcherManager.swift in Sources */,
			);
			runOnlyForDeploymentPostprocessing = 0;
		};
		58356B162B1FB9E8000AC548 /* Sources */ = {
			isa = PBXSourcesBuildPhase;
			buildActionMask = 2147483647;
			files = (
				58356B212B1FB9E8000AC548 /* YemUITestsLaunchTests.swift in Sources */,
				58356B1F2B1FB9E8000AC548 /* YemUITests.swift in Sources */,
			);
			runOnlyForDeploymentPostprocessing = 0;
		};
/* End PBXSourcesBuildPhase section */

/* Begin PBXTargetDependency section */
		58356B122B1FB9E8000AC548 /* PBXTargetDependency */ = {
			isa = PBXTargetDependency;
			target = 58356AF62B1FB9E5000AC548 /* Yem */;
			targetProxy = 58356B112B1FB9E8000AC548 /* PBXContainerItemProxy */;
		};
		58356B1C2B1FB9E8000AC548 /* PBXTargetDependency */ = {
			isa = PBXTargetDependency;
			target = 58356AF62B1FB9E5000AC548 /* Yem */;
			targetProxy = 58356B1B2B1FB9E8000AC548 /* PBXContainerItemProxy */;
		};
/* End PBXTargetDependency section */

/* Begin XCBuildConfiguration section */
		58356B222B1FB9E8000AC548 /* Debug */ = {
			isa = XCBuildConfiguration;
			buildSettings = {
				ALWAYS_SEARCH_USER_PATHS = NO;
				ASSETCATALOG_COMPILER_GENERATE_SWIFT_ASSET_SYMBOL_EXTENSIONS = YES;
				CLANG_ANALYZER_NONNULL = YES;
				CLANG_ANALYZER_NUMBER_OBJECT_CONVERSION = YES_AGGRESSIVE;
				CLANG_CXX_LANGUAGE_STANDARD = "gnu++20";
				CLANG_ENABLE_MODULES = YES;
				CLANG_ENABLE_OBJC_ARC = YES;
				CLANG_ENABLE_OBJC_WEAK = YES;
				CLANG_WARN_BLOCK_CAPTURE_AUTORELEASING = YES;
				CLANG_WARN_BOOL_CONVERSION = YES;
				CLANG_WARN_COMMA = YES;
				CLANG_WARN_CONSTANT_CONVERSION = YES;
				CLANG_WARN_DEPRECATED_OBJC_IMPLEMENTATIONS = YES;
				CLANG_WARN_DIRECT_OBJC_ISA_USAGE = YES_ERROR;
				CLANG_WARN_DOCUMENTATION_COMMENTS = YES;
				CLANG_WARN_EMPTY_BODY = YES;
				CLANG_WARN_ENUM_CONVERSION = YES;
				CLANG_WARN_INFINITE_RECURSION = YES;
				CLANG_WARN_INT_CONVERSION = YES;
				CLANG_WARN_NON_LITERAL_NULL_CONVERSION = YES;
				CLANG_WARN_OBJC_IMPLICIT_RETAIN_SELF = YES;
				CLANG_WARN_OBJC_LITERAL_CONVERSION = YES;
				CLANG_WARN_OBJC_ROOT_CLASS = YES_ERROR;
				CLANG_WARN_QUOTED_INCLUDE_IN_FRAMEWORK_HEADER = YES;
				CLANG_WARN_RANGE_LOOP_ANALYSIS = YES;
				CLANG_WARN_STRICT_PROTOTYPES = YES;
				CLANG_WARN_SUSPICIOUS_MOVE = YES;
				CLANG_WARN_UNGUARDED_AVAILABILITY = YES_AGGRESSIVE;
				CLANG_WARN_UNREACHABLE_CODE = YES;
				CLANG_WARN__DUPLICATE_METHOD_MATCH = YES;
				COPY_PHASE_STRIP = NO;
				DEBUG_INFORMATION_FORMAT = dwarf;
				ENABLE_STRICT_OBJC_MSGSEND = YES;
				ENABLE_TESTABILITY = YES;
				ENABLE_USER_SCRIPT_SANDBOXING = YES;
				GCC_C_LANGUAGE_STANDARD = gnu17;
				GCC_DYNAMIC_NO_PIC = NO;
				GCC_NO_COMMON_BLOCKS = YES;
				GCC_OPTIMIZATION_LEVEL = 0;
				GCC_PREPROCESSOR_DEFINITIONS = (
					"DEBUG=1",
					"$(inherited)",
				);
				GCC_WARN_64_TO_32_BIT_CONVERSION = YES;
				GCC_WARN_ABOUT_RETURN_TYPE = YES_ERROR;
				GCC_WARN_UNDECLARED_SELECTOR = YES;
				GCC_WARN_UNINITIALIZED_AUTOS = YES_AGGRESSIVE;
				GCC_WARN_UNUSED_FUNCTION = YES;
				GCC_WARN_UNUSED_VARIABLE = YES;
				IPHONEOS_DEPLOYMENT_TARGET = 17.0;
				LOCALIZATION_PREFERS_STRING_CATALOGS = YES;
				MTL_ENABLE_DEBUG_INFO = INCLUDE_SOURCE;
				MTL_FAST_MATH = YES;
				ONLY_ACTIVE_ARCH = YES;
				SDKROOT = iphoneos;
				SWIFT_ACTIVE_COMPILATION_CONDITIONS = "DEBUG $(inherited)";
				SWIFT_OPTIMIZATION_LEVEL = "-Onone";
			};
			name = Debug;
		};
		58356B232B1FB9E8000AC548 /* Release */ = {
			isa = XCBuildConfiguration;
			buildSettings = {
				ALWAYS_SEARCH_USER_PATHS = NO;
				ASSETCATALOG_COMPILER_GENERATE_SWIFT_ASSET_SYMBOL_EXTENSIONS = YES;
				CLANG_ANALYZER_NONNULL = YES;
				CLANG_ANALYZER_NUMBER_OBJECT_CONVERSION = YES_AGGRESSIVE;
				CLANG_CXX_LANGUAGE_STANDARD = "gnu++20";
				CLANG_ENABLE_MODULES = YES;
				CLANG_ENABLE_OBJC_ARC = YES;
				CLANG_ENABLE_OBJC_WEAK = YES;
				CLANG_WARN_BLOCK_CAPTURE_AUTORELEASING = YES;
				CLANG_WARN_BOOL_CONVERSION = YES;
				CLANG_WARN_COMMA = YES;
				CLANG_WARN_CONSTANT_CONVERSION = YES;
				CLANG_WARN_DEPRECATED_OBJC_IMPLEMENTATIONS = YES;
				CLANG_WARN_DIRECT_OBJC_ISA_USAGE = YES_ERROR;
				CLANG_WARN_DOCUMENTATION_COMMENTS = YES;
				CLANG_WARN_EMPTY_BODY = YES;
				CLANG_WARN_ENUM_CONVERSION = YES;
				CLANG_WARN_INFINITE_RECURSION = YES;
				CLANG_WARN_INT_CONVERSION = YES;
				CLANG_WARN_NON_LITERAL_NULL_CONVERSION = YES;
				CLANG_WARN_OBJC_IMPLICIT_RETAIN_SELF = YES;
				CLANG_WARN_OBJC_LITERAL_CONVERSION = YES;
				CLANG_WARN_OBJC_ROOT_CLASS = YES_ERROR;
				CLANG_WARN_QUOTED_INCLUDE_IN_FRAMEWORK_HEADER = YES;
				CLANG_WARN_RANGE_LOOP_ANALYSIS = YES;
				CLANG_WARN_STRICT_PROTOTYPES = YES;
				CLANG_WARN_SUSPICIOUS_MOVE = YES;
				CLANG_WARN_UNGUARDED_AVAILABILITY = YES_AGGRESSIVE;
				CLANG_WARN_UNREACHABLE_CODE = YES;
				CLANG_WARN__DUPLICATE_METHOD_MATCH = YES;
				COPY_PHASE_STRIP = NO;
				DEBUG_INFORMATION_FORMAT = "dwarf-with-dsym";
				ENABLE_NS_ASSERTIONS = NO;
				ENABLE_STRICT_OBJC_MSGSEND = YES;
				ENABLE_USER_SCRIPT_SANDBOXING = YES;
				GCC_C_LANGUAGE_STANDARD = gnu17;
				GCC_NO_COMMON_BLOCKS = YES;
				GCC_WARN_64_TO_32_BIT_CONVERSION = YES;
				GCC_WARN_ABOUT_RETURN_TYPE = YES_ERROR;
				GCC_WARN_UNDECLARED_SELECTOR = YES;
				GCC_WARN_UNINITIALIZED_AUTOS = YES_AGGRESSIVE;
				GCC_WARN_UNUSED_FUNCTION = YES;
				GCC_WARN_UNUSED_VARIABLE = YES;
				IPHONEOS_DEPLOYMENT_TARGET = 17.0;
				LOCALIZATION_PREFERS_STRING_CATALOGS = YES;
				MTL_ENABLE_DEBUG_INFO = NO;
				MTL_FAST_MATH = YES;
				SDKROOT = iphoneos;
				SWIFT_COMPILATION_MODE = wholemodule;
				VALIDATE_PRODUCT = YES;
			};
			name = Release;
		};
		58356B252B1FB9E8000AC548 /* Debug */ = {
			isa = XCBuildConfiguration;
			buildSettings = {
				ASSETCATALOG_COMPILER_APPICON_NAME = AppIcon;
				ASSETCATALOG_COMPILER_GLOBAL_ACCENT_COLOR_NAME = AccentColor;
				CODE_SIGN_STYLE = Automatic;
				CURRENT_PROJECT_VERSION = 1;
				DEVELOPMENT_TEAM = B5C5KJWJ34;
				GENERATE_INFOPLIST_FILE = YES;
				INFOPLIST_FILE = Yem/Info.plist;
				INFOPLIST_KEY_NSCameraUsageDescription = "This app requires access to the camera to take photos of your recipes";
				INFOPLIST_KEY_NSPhotoLibraryUsageDescription = "This app requreis access to the photos to add photos of your recipe";
				INFOPLIST_KEY_UIApplicationSupportsIndirectInputEvents = YES;
				INFOPLIST_KEY_UILaunchStoryboardName = LaunchScreen;
				INFOPLIST_KEY_UISupportedInterfaceOrientations_iPad = "UIInterfaceOrientationPortrait UIInterfaceOrientationPortraitUpsideDown UIInterfaceOrientationLandscapeLeft UIInterfaceOrientationLandscapeRight";
				INFOPLIST_KEY_UISupportedInterfaceOrientations_iPhone = "UIInterfaceOrientationPortrait UIInterfaceOrientationLandscapeLeft UIInterfaceOrientationLandscapeRight";
				IPHONEOS_DEPLOYMENT_TARGET = 16.0;
				LD_RUNPATH_SEARCH_PATHS = (
					"$(inherited)",
					"@executable_path/Frameworks",
				);
				MARKETING_VERSION = 1.0;
				PRODUCT_BUNDLE_IDENTIFIER = adamzapior.Yem;
				PRODUCT_NAME = "$(TARGET_NAME)";
				SUPPORTED_PLATFORMS = "iphoneos iphonesimulator";
				SUPPORTS_MACCATALYST = NO;
				SUPPORTS_MAC_DESIGNED_FOR_IPHONE_IPAD = NO;
				SUPPORTS_XR_DESIGNED_FOR_IPHONE_IPAD = NO;
				SWIFT_EMIT_LOC_STRINGS = YES;
				SWIFT_VERSION = 5.0;
				TARGETED_DEVICE_FAMILY = 1;
			};
			name = Debug;
		};
		58356B262B1FB9E8000AC548 /* Release */ = {
			isa = XCBuildConfiguration;
			buildSettings = {
				ASSETCATALOG_COMPILER_APPICON_NAME = AppIcon;
				ASSETCATALOG_COMPILER_GLOBAL_ACCENT_COLOR_NAME = AccentColor;
				CODE_SIGN_STYLE = Automatic;
				CURRENT_PROJECT_VERSION = 1;
				DEVELOPMENT_TEAM = B5C5KJWJ34;
				GENERATE_INFOPLIST_FILE = YES;
				INFOPLIST_FILE = Yem/Info.plist;
				INFOPLIST_KEY_NSCameraUsageDescription = "This app requires access to the camera to take photos of your recipes";
				INFOPLIST_KEY_NSPhotoLibraryUsageDescription = "This app requreis access to the photos to add photos of your recipe";
				INFOPLIST_KEY_UIApplicationSupportsIndirectInputEvents = YES;
				INFOPLIST_KEY_UILaunchStoryboardName = LaunchScreen;
				INFOPLIST_KEY_UISupportedInterfaceOrientations_iPad = "UIInterfaceOrientationPortrait UIInterfaceOrientationPortraitUpsideDown UIInterfaceOrientationLandscapeLeft UIInterfaceOrientationLandscapeRight";
				INFOPLIST_KEY_UISupportedInterfaceOrientations_iPhone = "UIInterfaceOrientationPortrait UIInterfaceOrientationLandscapeLeft UIInterfaceOrientationLandscapeRight";
				IPHONEOS_DEPLOYMENT_TARGET = 16.0;
				LD_RUNPATH_SEARCH_PATHS = (
					"$(inherited)",
					"@executable_path/Frameworks",
				);
				MARKETING_VERSION = 1.0;
				PRODUCT_BUNDLE_IDENTIFIER = adamzapior.Yem;
				PRODUCT_NAME = "$(TARGET_NAME)";
				SUPPORTED_PLATFORMS = "iphoneos iphonesimulator";
				SUPPORTS_MACCATALYST = NO;
				SUPPORTS_MAC_DESIGNED_FOR_IPHONE_IPAD = NO;
				SUPPORTS_XR_DESIGNED_FOR_IPHONE_IPAD = NO;
				SWIFT_EMIT_LOC_STRINGS = YES;
				SWIFT_VERSION = 5.0;
				TARGETED_DEVICE_FAMILY = 1;
			};
			name = Release;
		};
		58356B282B1FB9E8000AC548 /* Debug */ = {
			isa = XCBuildConfiguration;
			buildSettings = {
				ALWAYS_EMBED_SWIFT_STANDARD_LIBRARIES = YES;
				BUNDLE_LOADER = "$(TEST_HOST)";
				CODE_SIGN_STYLE = Automatic;
				CURRENT_PROJECT_VERSION = 1;
				DEVELOPMENT_TEAM = B5C5KJWJ34;
				GENERATE_INFOPLIST_FILE = YES;
				IPHONEOS_DEPLOYMENT_TARGET = 17.0;
				MARKETING_VERSION = 1.0;
				PRODUCT_BUNDLE_IDENTIFIER = adamzapior.YemTests;
				PRODUCT_NAME = "$(TARGET_NAME)";
				SWIFT_EMIT_LOC_STRINGS = NO;
				SWIFT_VERSION = 5.0;
				TARGETED_DEVICE_FAMILY = "1,2";
				TEST_HOST = "$(BUILT_PRODUCTS_DIR)/Yem.app/$(BUNDLE_EXECUTABLE_FOLDER_PATH)/Yem";
			};
			name = Debug;
		};
		58356B292B1FB9E8000AC548 /* Release */ = {
			isa = XCBuildConfiguration;
			buildSettings = {
				ALWAYS_EMBED_SWIFT_STANDARD_LIBRARIES = YES;
				BUNDLE_LOADER = "$(TEST_HOST)";
				CODE_SIGN_STYLE = Automatic;
				CURRENT_PROJECT_VERSION = 1;
				DEVELOPMENT_TEAM = B5C5KJWJ34;
				GENERATE_INFOPLIST_FILE = YES;
				IPHONEOS_DEPLOYMENT_TARGET = 17.0;
				MARKETING_VERSION = 1.0;
				PRODUCT_BUNDLE_IDENTIFIER = adamzapior.YemTests;
				PRODUCT_NAME = "$(TARGET_NAME)";
				SWIFT_EMIT_LOC_STRINGS = NO;
				SWIFT_VERSION = 5.0;
				TARGETED_DEVICE_FAMILY = "1,2";
				TEST_HOST = "$(BUILT_PRODUCTS_DIR)/Yem.app/$(BUNDLE_EXECUTABLE_FOLDER_PATH)/Yem";
			};
			name = Release;
		};
		58356B2B2B1FB9E8000AC548 /* Debug */ = {
			isa = XCBuildConfiguration;
			buildSettings = {
				ALWAYS_EMBED_SWIFT_STANDARD_LIBRARIES = YES;
				CODE_SIGN_STYLE = Automatic;
				CURRENT_PROJECT_VERSION = 1;
				DEVELOPMENT_TEAM = B5C5KJWJ34;
				GENERATE_INFOPLIST_FILE = YES;
				MARKETING_VERSION = 1.0;
				PRODUCT_BUNDLE_IDENTIFIER = adamzapior.YemUITests;
				PRODUCT_NAME = "$(TARGET_NAME)";
				SWIFT_EMIT_LOC_STRINGS = NO;
				SWIFT_VERSION = 5.0;
				TARGETED_DEVICE_FAMILY = "1,2";
				TEST_TARGET_NAME = Yem;
			};
			name = Debug;
		};
		58356B2C2B1FB9E8000AC548 /* Release */ = {
			isa = XCBuildConfiguration;
			buildSettings = {
				ALWAYS_EMBED_SWIFT_STANDARD_LIBRARIES = YES;
				CODE_SIGN_STYLE = Automatic;
				CURRENT_PROJECT_VERSION = 1;
				DEVELOPMENT_TEAM = B5C5KJWJ34;
				GENERATE_INFOPLIST_FILE = YES;
				MARKETING_VERSION = 1.0;
				PRODUCT_BUNDLE_IDENTIFIER = adamzapior.YemUITests;
				PRODUCT_NAME = "$(TARGET_NAME)";
				SWIFT_EMIT_LOC_STRINGS = NO;
				SWIFT_VERSION = 5.0;
				TARGETED_DEVICE_FAMILY = "1,2";
				TEST_TARGET_NAME = Yem;
			};
			name = Release;
		};
/* End XCBuildConfiguration section */

/* Begin XCConfigurationList section */
		58356AF22B1FB9E5000AC548 /* Build configuration list for PBXProject "Yem" */ = {
			isa = XCConfigurationList;
			buildConfigurations = (
				58356B222B1FB9E8000AC548 /* Debug */,
				58356B232B1FB9E8000AC548 /* Release */,
			);
			defaultConfigurationIsVisible = 0;
			defaultConfigurationName = Release;
		};
		58356B242B1FB9E8000AC548 /* Build configuration list for PBXNativeTarget "Yem" */ = {
			isa = XCConfigurationList;
			buildConfigurations = (
				58356B252B1FB9E8000AC548 /* Debug */,
				58356B262B1FB9E8000AC548 /* Release */,
			);
			defaultConfigurationIsVisible = 0;
			defaultConfigurationName = Release;
		};
		58356B272B1FB9E8000AC548 /* Build configuration list for PBXNativeTarget "YemTests" */ = {
			isa = XCConfigurationList;
			buildConfigurations = (
				58356B282B1FB9E8000AC548 /* Debug */,
				58356B292B1FB9E8000AC548 /* Release */,
			);
			defaultConfigurationIsVisible = 0;
			defaultConfigurationName = Release;
		};
		58356B2A2B1FB9E8000AC548 /* Build configuration list for PBXNativeTarget "YemUITests" */ = {
			isa = XCConfigurationList;
			buildConfigurations = (
				58356B2B2B1FB9E8000AC548 /* Debug */,
				58356B2C2B1FB9E8000AC548 /* Release */,
			);
			defaultConfigurationIsVisible = 0;
			defaultConfigurationName = Release;
		};
/* End XCConfigurationList section */

/* Begin XCRemoteSwiftPackageReference section */
		581049512BB4355C00FF2E8C /* XCRemoteSwiftPackageReference "firebase-ios-sdk" */ = {
			isa = XCRemoteSwiftPackageReference;
			repositoryURL = "https://github.com/firebase/firebase-ios-sdk.git";
			requirement = {
				kind = upToNextMajorVersion;
				minimumVersion = 10.23.0;
			};
		};
		58356B642B2279E9000AC548 /* XCRemoteSwiftPackageReference "SnapKit" */ = {
			isa = XCRemoteSwiftPackageReference;
			repositoryURL = "https://github.com/SnapKit/SnapKit.git";
			requirement = {
				kind = upToNextMajorVersion;
				minimumVersion = 5.6.0;
			};
		};
		588FCE432BB21ACC009F9A8D /* XCRemoteSwiftPackageReference "LifetimeTracker" */ = {
			isa = XCRemoteSwiftPackageReference;
			repositoryURL = "https://github.com/krzysztofzablocki/LifetimeTracker.git";
			requirement = {
				kind = upToNextMajorVersion;
				minimumVersion = 1.8.3;
			};
		};
		588FCE462BB22575009F9A8D /* XCRemoteSwiftPackageReference "Kingfisher" */ = {
			isa = XCRemoteSwiftPackageReference;
			repositoryURL = "https://github.com/onevcat/Kingfisher.git";
			requirement = {
				kind = upToNextMajorVersion;
				minimumVersion = 7.11.0;
			};
		};
/* End XCRemoteSwiftPackageReference section */

/* Begin XCSwiftPackageProductDependency section */
		580ED37D2B24BD1300B4A9F0 /* SnapKit */ = {
			isa = XCSwiftPackageProductDependency;
			package = 58356B642B2279E9000AC548 /* XCRemoteSwiftPackageReference "SnapKit" */;
			productName = SnapKit;
		};
		581049522BB4355C00FF2E8C /* FirebaseAnalytics */ = {
			isa = XCSwiftPackageProductDependency;
			package = 581049512BB4355C00FF2E8C /* XCRemoteSwiftPackageReference "firebase-ios-sdk" */;
			productName = FirebaseAnalytics;
		};
		581049542BB4355C00FF2E8C /* FirebaseAnalyticsSwift */ = {
			isa = XCSwiftPackageProductDependency;
			package = 581049512BB4355C00FF2E8C /* XCRemoteSwiftPackageReference "firebase-ios-sdk" */;
			productName = FirebaseAnalyticsSwift;
		};
		581049562BB4355C00FF2E8C /* FirebaseAuth */ = {
			isa = XCSwiftPackageProductDependency;
			package = 581049512BB4355C00FF2E8C /* XCRemoteSwiftPackageReference "firebase-ios-sdk" */;
			productName = FirebaseAuth;
		};
		581049582BB4355C00FF2E8C /* FirebaseFirestore */ = {
			isa = XCSwiftPackageProductDependency;
			package = 581049512BB4355C00FF2E8C /* XCRemoteSwiftPackageReference "firebase-ios-sdk" */;
			productName = FirebaseFirestore;
		};
		5810495A2BB4355C00FF2E8C /* FirebaseFirestoreSwift */ = {
			isa = XCSwiftPackageProductDependency;
			package = 581049512BB4355C00FF2E8C /* XCRemoteSwiftPackageReference "firebase-ios-sdk" */;
			productName = FirebaseFirestoreSwift;
		};
		588FCE442BB21ACC009F9A8D /* LifetimeTracker */ = {
			isa = XCSwiftPackageProductDependency;
			package = 588FCE432BB21ACC009F9A8D /* XCRemoteSwiftPackageReference "LifetimeTracker" */;
			productName = LifetimeTracker;
		};
		588FCE472BB22575009F9A8D /* Kingfisher */ = {
			isa = XCSwiftPackageProductDependency;
			package = 588FCE462BB22575009F9A8D /* XCRemoteSwiftPackageReference "Kingfisher" */;
			productName = Kingfisher;
		};
/* End XCSwiftPackageProductDependency section */

/* Begin XCVersionGroup section */
		58BBEB962B5B28390058851C /* YemData.xcdatamodeld */ = {
			isa = XCVersionGroup;
			children = (
				58BBEB972B5B28390058851C /* YemData.xcdatamodel */,
			);
			currentVersion = 58BBEB972B5B28390058851C /* YemData.xcdatamodel */;
			path = YemData.xcdatamodeld;
			sourceTree = "<group>";
			versionGroupType = wrapper.xcdatamodel;
		};
/* End XCVersionGroup section */
	};
	rootObject = 58356AEF2B1FB9E5000AC548 /* Project object */;
}
